{
  "version": 4,
  "terraform_version": "1.4.4",
  "serial": 96,
  "lineage": "29e890d4-56b2-3b72-6f78-6e6809287e3f",
  "outputs": {},
  "resources": [
    {
      "mode": "managed",
      "type": "aws_apigatewayv2_api",
      "name": "api_gw",
      "provider": "provider[\"registry.terraform.io/hashicorp/aws\"]",
      "instances": [
        {
          "schema_version": 0,
          "attributes": {
            "api_endpoint": "https://2eyfl11xwd.execute-api.ap-south-1.amazonaws.com",
            "api_key_selection_expression": "$request.header.x-api-key",
            "arn": "arn:aws:apigateway:ap-south-1::/apis/2eyfl11xwd",
            "body": null,
            "cors_configuration": [],
            "credentials_arn": null,
            "description": "",
            "disable_execute_api_endpoint": false,
            "execution_arn": "arn:aws:execute-api:ap-south-1:008744601422:2eyfl11xwd",
            "fail_on_warnings": null,
            "id": "2eyfl11xwd",
            "name": "service-b=apigw",
            "protocol_type": "HTTP",
            "route_key": null,
            "route_selection_expression": "$request.method $request.path",
            "tags": {},
            "tags_all": {},
            "target": null,
            "version": ""
          },
          "sensitive_attributes": [],
          "private": "bnVsbA=="
        }
      ]
    },
    {
      "mode": "managed",
      "type": "aws_apigatewayv2_integration",
      "name": "alb_integrations",
      "provider": "provider[\"registry.terraform.io/hashicorp/aws\"]",
      "instances": [
        {
          "schema_version": 0,
          "attributes": {
            "api_id": "2eyfl11xwd",
            "connection_id": "",
            "connection_type": "INTERNET",
            "content_handling_strategy": "",
            "credentials_arn": "",
            "description": "",
            "id": "ypo30er",
            "integration_method": "POST",
            "integration_response_selection_expression": "",
            "integration_subtype": "",
            "integration_type": "HTTP_PROXY",
            "integration_uri": "http://service-b-alb-1496036961.ap-south-1.elb.amazonaws.com",
            "passthrough_behavior": "",
            "payload_format_version": "1.0",
            "request_parameters": {},
            "request_templates": {},
            "response_parameters": [],
            "template_selection_expression": "",
            "timeout_milliseconds": 30000,
            "tls_config": []
          },
          "sensitive_attributes": [],
          "private": "bnVsbA==",
          "dependencies": [
            "aws_apigatewayv2_api.api_gw",
            "aws_security_group.alb_sg",
            "module.alb.aws_lb.this",
            "module.vpc.aws_subnet.public",
            "module.vpc.aws_vpc.this",
            "module.vpc.aws_vpc_ipv4_cidr_block_association.this"
          ]
        }
      ]
    },
    {
      "mode": "managed",
      "type": "aws_apigatewayv2_route",
      "name": "gateway_service_a_route",
      "provider": "provider[\"registry.terraform.io/hashicorp/aws\"]",
      "instances": [
        {
          "schema_version": 0,
          "attributes": {
            "api_id": "2eyfl11xwd",
            "api_key_required": false,
            "authorization_scopes": [],
            "authorization_type": "NONE",
            "authorizer_id": "",
            "id": "u3umflk",
            "model_selection_expression": "",
            "operation_name": "",
            "request_models": {},
            "request_parameter": [],
            "route_key": "POST /service-a",
            "route_response_selection_expression": "",
            "target": "integrations/ypo30er"
          },
          "sensitive_attributes": [],
          "private": "bnVsbA==",
          "dependencies": [
            "aws_apigatewayv2_api.api_gw",
            "aws_apigatewayv2_integration.alb_integrations",
            "aws_security_group.alb_sg",
            "module.alb.aws_lb.this",
            "module.vpc.aws_subnet.public",
            "module.vpc.aws_vpc.this",
            "module.vpc.aws_vpc_ipv4_cidr_block_association.this"
          ]
        }
      ]
    },
    {
      "mode": "managed",
      "type": "aws_security_group",
      "name": "alb_sg",
      "provider": "provider[\"registry.terraform.io/hashicorp/aws\"]",
      "instances": [
        {
          "schema_version": 1,
          "attributes": {
            "arn": "arn:aws:ec2:ap-south-1:008744601422:security-group/sg-0333fb8649c50f1ca",
            "description": "ALB SG",
            "egress": [
              {
                "cidr_blocks": [
                  "0.0.0.0/0"
                ],
                "description": "",
                "from_port": 0,
                "ipv6_cidr_blocks": [],
                "prefix_list_ids": [],
                "protocol": "-1",
                "security_groups": [],
                "self": false,
                "to_port": 0
              }
            ],
            "id": "sg-0333fb8649c50f1ca",
            "ingress": [
              {
                "cidr_blocks": [
                  "0.0.0.0/0"
                ],
                "description": "TLS from VPC",
                "from_port": 0,
                "ipv6_cidr_blocks": [],
                "prefix_list_ids": [],
                "protocol": "-1",
                "security_groups": [],
                "self": false,
                "to_port": 0
              }
            ],
            "name": "alb_sg",
            "name_prefix": "",
            "owner_id": "008744601422",
            "revoke_rules_on_delete": false,
            "tags": {
              "environment": "dev",
              "terraform": "true"
            },
            "tags_all": {
              "environment": "dev",
              "terraform": "true"
            },
            "timeouts": null,
            "vpc_id": "vpc-06c5e90f83d6318ce"
          },
          "sensitive_attributes": [],
          "private": "eyJlMmJmYjczMC1lY2FhLTExZTYtOGY4OC0zNDM2M2JjN2M0YzAiOnsiY3JlYXRlIjo2MDAwMDAwMDAwMDAsImRlbGV0ZSI6OTAwMDAwMDAwMDAwfSwic2NoZW1hX3ZlcnNpb24iOiIxIn0=",
          "dependencies": [
            "module.vpc.aws_vpc.this"
          ],
          "create_before_destroy": true
        }
      ]
    },
    {
      "module": "module.alb",
      "mode": "managed",
      "type": "aws_lb",
      "name": "this",
      "provider": "provider[\"registry.terraform.io/hashicorp/aws\"]",
      "instances": [
        {
          "index_key": 0,
          "schema_version": 0,
          "attributes": {
            "access_logs": [
              {
                "bucket": "",
                "enabled": false,
                "prefix": ""
              }
            ],
            "arn": "arn:aws:elasticloadbalancing:ap-south-1:008744601422:loadbalancer/app/service-b-alb/79d71601ee590e87",
            "arn_suffix": "app/service-b-alb/79d71601ee590e87",
            "customer_owned_ipv4_pool": "",
            "desync_mitigation_mode": "defensive",
            "dns_name": "service-b-alb-1496036961.ap-south-1.elb.amazonaws.com",
            "drop_invalid_header_fields": false,
            "enable_cross_zone_load_balancing": true,
            "enable_deletion_protection": false,
            "enable_http2": true,
            "enable_tls_version_and_cipher_suite_headers": false,
            "enable_waf_fail_open": false,
            "enable_xff_client_port": false,
            "id": "arn:aws:elasticloadbalancing:ap-south-1:008744601422:loadbalancer/app/service-b-alb/79d71601ee590e87",
            "idle_timeout": 60,
            "internal": false,
            "ip_address_type": "ipv4",
            "load_balancer_type": "application",
            "name": "service-b-alb",
            "name_prefix": null,
            "preserve_host_header": false,
            "security_groups": [
              "sg-0333fb8649c50f1ca"
            ],
            "subnet_mapping": [
              {
                "allocation_id": "",
                "ipv6_address": "",
                "outpost_id": "",
                "private_ipv4_address": "",
                "subnet_id": "subnet-04b9291a717f203f8"
              },
              {
                "allocation_id": "",
                "ipv6_address": "",
                "outpost_id": "",
                "private_ipv4_address": "",
                "subnet_id": "subnet-0d9c3abd659a5bb1c"
              }
            ],
            "subnets": [
              "subnet-04b9291a717f203f8",
              "subnet-0d9c3abd659a5bb1c"
            ],
            "tags": {
              "Name": "service-b-alb",
              "environment": "dev",
              "terraform": "true"
            },
            "tags_all": {
              "Name": "service-b-alb",
              "environment": "dev",
              "terraform": "true"
            },
            "timeouts": {
              "create": "10m",
              "delete": "10m",
              "update": "10m"
            },
            "vpc_id": "vpc-06c5e90f83d6318ce",
            "xff_header_processing_mode": "append",
            "zone_id": "ZP97RAFLXTNZK"
          },
          "sensitive_attributes": [],
          "private": "eyJlMmJmYjczMC1lY2FhLTExZTYtOGY4OC0zNDM2M2JjN2M0YzAiOnsiY3JlYXRlIjo2MDAwMDAwMDAwMDAsImRlbGV0ZSI6NjAwMDAwMDAwMDAwLCJ1cGRhdGUiOjYwMDAwMDAwMDAwMH19",
          "dependencies": [
            "aws_security_group.alb_sg",
            "module.vpc.aws_subnet.public",
            "module.vpc.aws_vpc.this",
            "module.vpc.aws_vpc_ipv4_cidr_block_association.this"
          ],
          "create_before_destroy": true
        }
      ]
    },
    {
      "module": "module.alb",
      "mode": "managed",
      "type": "aws_lb_listener",
      "name": "frontend_http_tcp",
      "provider": "provider[\"registry.terraform.io/hashicorp/aws\"]",
      "instances": [
        {
          "index_key": 0,
          "schema_version": 0,
          "attributes": {
            "alpn_policy": null,
            "arn": "arn:aws:elasticloadbalancing:ap-south-1:008744601422:listener/app/service-b-alb/79d71601ee590e87/a9ccf28c7c0c2050",
            "certificate_arn": null,
            "default_action": [
              {
                "authenticate_cognito": [],
                "authenticate_oidc": [],
                "fixed_response": [],
                "forward": [],
                "order": 1,
                "redirect": [],
                "target_group_arn": "arn:aws:elasticloadbalancing:ap-south-1:008744601422:targetgroup/tf-20230414062009268400000001/fe7ea5da6253445d",
                "type": "forward"
              }
            ],
            "id": "arn:aws:elasticloadbalancing:ap-south-1:008744601422:listener/app/service-b-alb/79d71601ee590e87/a9ccf28c7c0c2050",
            "load_balancer_arn": "arn:aws:elasticloadbalancing:ap-south-1:008744601422:loadbalancer/app/service-b-alb/79d71601ee590e87",
            "port": 80,
            "protocol": "HTTP",
            "ssl_policy": "",
            "tags": {
              "environment": "dev",
              "terraform": "true"
            },
            "tags_all": {
              "environment": "dev",
              "terraform": "true"
            },
            "timeouts": null
          },
          "sensitive_attributes": [],
          "private": "eyJlMmJmYjczMC1lY2FhLTExZTYtOGY4OC0zNDM2M2JjN2M0YzAiOnsicmVhZCI6NjAwMDAwMDAwMDAwfX0=",
          "dependencies": [
            "aws_security_group.alb_sg",
            "module.alb.aws_lb.this",
            "module.alb.aws_lb_target_group.main",
            "module.order_service_lambda.aws_cloudwatch_log_group.lambda",
            "module.order_service_lambda.aws_iam_policy.additional_inline",
            "module.order_service_lambda.aws_iam_policy.additional_json",
            "module.order_service_lambda.aws_iam_policy.additional_jsons",
            "module.order_service_lambda.aws_iam_policy.async",
            "module.order_service_lambda.aws_iam_policy.dead_letter",
            "module.order_service_lambda.aws_iam_policy.logs",
            "module.order_service_lambda.aws_iam_policy.tracing",
            "module.order_service_lambda.aws_iam_policy.vpc",
            "module.order_service_lambda.aws_iam_role.lambda",
            "module.order_service_lambda.aws_iam_role_policy_attachment.additional_inline",
            "module.order_service_lambda.aws_iam_role_policy_attachment.additional_json",
            "module.order_service_lambda.aws_iam_role_policy_attachment.additional_jsons",
            "module.order_service_lambda.aws_iam_role_policy_attachment.additional_many",
            "module.order_service_lambda.aws_iam_role_policy_attachment.additional_one",
            "module.order_service_lambda.aws_iam_role_policy_attachment.async",
            "module.order_service_lambda.aws_iam_role_policy_attachment.dead_letter",
            "module.order_service_lambda.aws_iam_role_policy_attachment.logs",
            "module.order_service_lambda.aws_iam_role_policy_attachment.tracing",
            "module.order_service_lambda.aws_iam_role_policy_attachment.vpc",
            "module.order_service_lambda.aws_lambda_function.this",
            "module.order_service_lambda.aws_s3_object.lambda_package",
            "module.order_service_lambda.data.aws_arn.log_group_arn",
            "module.order_service_lambda.data.aws_cloudwatch_log_group.lambda",
            "module.order_service_lambda.data.aws_iam_policy.tracing",
            "module.order_service_lambda.data.aws_iam_policy.vpc",
            "module.order_service_lambda.data.aws_iam_policy_document.additional_inline",
            "module.order_service_lambda.data.aws_iam_policy_document.assume_role",
            "module.order_service_lambda.data.aws_iam_policy_document.async",
            "module.order_service_lambda.data.aws_iam_policy_document.dead_letter",
            "module.order_service_lambda.data.aws_iam_policy_document.logs",
            "module.order_service_lambda.data.aws_partition.current",
            "module.order_service_lambda.data.external.archive_prepare",
            "module.order_service_lambda.local_file.archive_plan",
            "module.order_service_lambda.null_resource.archive",
            "module.order_service_lambda_alias.aws_lambda_alias.no_refresh",
            "module.order_service_lambda_alias.aws_lambda_alias.with_refresh",
            "module.order_service_lambda_alias.data.aws_lambda_alias.existing",
            "module.vpc.aws_subnet.public",
            "module.vpc.aws_vpc.this",
            "module.vpc.aws_vpc_ipv4_cidr_block_association.this"
          ]
        }
      ]
    },
    {
      "module": "module.alb",
      "mode": "managed",
      "type": "aws_lb_target_group",
      "name": "main",
      "provider": "provider[\"registry.terraform.io/hashicorp/aws\"]",
      "instances": [
        {
          "index_key": 0,
          "schema_version": 0,
          "attributes": {
            "arn": "arn:aws:elasticloadbalancing:ap-south-1:008744601422:targetgroup/tf-20230414062009268400000001/fe7ea5da6253445d",
            "arn_suffix": "targetgroup/tf-20230414062009268400000001/fe7ea5da6253445d",
            "connection_termination": false,
            "deregistration_delay": "300",
            "health_check": [
              {
                "enabled": false,
                "healthy_threshold": 5,
                "interval": 35,
                "matcher": "200",
                "path": "/",
                "port": "",
                "protocol": "",
                "timeout": 30,
                "unhealthy_threshold": 2
              }
            ],
            "id": "arn:aws:elasticloadbalancing:ap-south-1:008744601422:targetgroup/tf-20230414062009268400000001/fe7ea5da6253445d",
            "ip_address_type": "ipv4",
            "lambda_multi_value_headers_enabled": false,
            "load_balancing_algorithm_type": null,
            "load_balancing_cross_zone_enabled": null,
            "name": "tf-20230414062009268400000001",
            "name_prefix": null,
            "port": null,
            "preserve_client_ip": null,
            "protocol": null,
            "protocol_version": null,
            "proxy_protocol_v2": false,
            "slow_start": 0,
            "stickiness": [
              {
                "cookie_duration": null,
                "cookie_name": null,
                "enabled": null,
                "type": null
              }
            ],
            "tags": {
              "Name": "",
              "environment": "dev",
              "terraform": "true"
            },
            "tags_all": {
              "Name": "",
              "environment": "dev",
              "terraform": "true"
            },
            "target_failover": [
              {
                "on_deregistration": null,
                "on_unhealthy": null
              }
            ],
            "target_type": "lambda",
            "vpc_id": "vpc-06c5e90f83d6318ce"
          },
          "sensitive_attributes": [],
          "private": "bnVsbA==",
          "dependencies": [
            "aws_security_group.alb_sg",
            "module.alb.aws_lb.this",
            "module.order_service_lambda.aws_cloudwatch_log_group.lambda",
            "module.order_service_lambda.aws_iam_policy.additional_inline",
            "module.order_service_lambda.aws_iam_policy.additional_json",
            "module.order_service_lambda.aws_iam_policy.additional_jsons",
            "module.order_service_lambda.aws_iam_policy.async",
            "module.order_service_lambda.aws_iam_policy.dead_letter",
            "module.order_service_lambda.aws_iam_policy.logs",
            "module.order_service_lambda.aws_iam_policy.tracing",
            "module.order_service_lambda.aws_iam_policy.vpc",
            "module.order_service_lambda.aws_iam_role.lambda",
            "module.order_service_lambda.aws_iam_role_policy_attachment.additional_inline",
            "module.order_service_lambda.aws_iam_role_policy_attachment.additional_json",
            "module.order_service_lambda.aws_iam_role_policy_attachment.additional_jsons",
            "module.order_service_lambda.aws_iam_role_policy_attachment.additional_many",
            "module.order_service_lambda.aws_iam_role_policy_attachment.additional_one",
            "module.order_service_lambda.aws_iam_role_policy_attachment.async",
            "module.order_service_lambda.aws_iam_role_policy_attachment.dead_letter",
            "module.order_service_lambda.aws_iam_role_policy_attachment.logs",
            "module.order_service_lambda.aws_iam_role_policy_attachment.tracing",
            "module.order_service_lambda.aws_iam_role_policy_attachment.vpc",
            "module.order_service_lambda.aws_lambda_function.this",
            "module.order_service_lambda.aws_s3_object.lambda_package",
            "module.order_service_lambda.data.aws_arn.log_group_arn",
            "module.order_service_lambda.data.aws_cloudwatch_log_group.lambda",
            "module.order_service_lambda.data.aws_iam_policy.tracing",
            "module.order_service_lambda.data.aws_iam_policy.vpc",
            "module.order_service_lambda.data.aws_iam_policy_document.additional_inline",
            "module.order_service_lambda.data.aws_iam_policy_document.assume_role",
            "module.order_service_lambda.data.aws_iam_policy_document.async",
            "module.order_service_lambda.data.aws_iam_policy_document.dead_letter",
            "module.order_service_lambda.data.aws_iam_policy_document.logs",
            "module.order_service_lambda.data.aws_partition.current",
            "module.order_service_lambda.data.external.archive_prepare",
            "module.order_service_lambda.local_file.archive_plan",
            "module.order_service_lambda.null_resource.archive",
            "module.order_service_lambda_alias.aws_lambda_alias.no_refresh",
            "module.order_service_lambda_alias.aws_lambda_alias.with_refresh",
            "module.order_service_lambda_alias.data.aws_lambda_alias.existing",
            "module.vpc.aws_subnet.public",
            "module.vpc.aws_vpc.this",
            "module.vpc.aws_vpc_ipv4_cidr_block_association.this"
          ],
          "create_before_destroy": true
        }
      ]
    },
    {
      "module": "module.alb",
      "mode": "managed",
      "type": "aws_lb_target_group_attachment",
      "name": "this",
      "provider": "provider[\"registry.terraform.io/hashicorp/aws\"]",
      "instances": [
        {
          "index_key": "0.order_service",
          "schema_version": 0,
          "attributes": {
            "availability_zone": null,
            "id": "arn:aws:elasticloadbalancing:ap-south-1:008744601422:targetgroup/tf-20230414062009268400000001/fe7ea5da6253445d-20230414062011060400000002",
            "port": null,
            "target_group_arn": "arn:aws:elasticloadbalancing:ap-south-1:008744601422:targetgroup/tf-20230414062009268400000001/fe7ea5da6253445d",
            "target_id": "arn:aws:lambda:ap-south-1:008744601422:function:order-service-lambda:order-Service_lambda_alias"
          },
          "sensitive_attributes": [],
          "private": "bnVsbA==",
          "dependencies": [
            "aws_security_group.alb_sg",
            "module.alb.aws_lb.this",
            "module.alb.aws_lb_target_group.main",
            "module.order_service_lambda.aws_cloudwatch_log_group.lambda",
            "module.order_service_lambda.aws_iam_policy.additional_inline",
            "module.order_service_lambda.aws_iam_policy.additional_json",
            "module.order_service_lambda.aws_iam_policy.additional_jsons",
            "module.order_service_lambda.aws_iam_policy.async",
            "module.order_service_lambda.aws_iam_policy.dead_letter",
            "module.order_service_lambda.aws_iam_policy.logs",
            "module.order_service_lambda.aws_iam_policy.tracing",
            "module.order_service_lambda.aws_iam_policy.vpc",
            "module.order_service_lambda.aws_iam_role.lambda",
            "module.order_service_lambda.aws_iam_role_policy_attachment.additional_inline",
            "module.order_service_lambda.aws_iam_role_policy_attachment.additional_json",
            "module.order_service_lambda.aws_iam_role_policy_attachment.additional_jsons",
            "module.order_service_lambda.aws_iam_role_policy_attachment.additional_many",
            "module.order_service_lambda.aws_iam_role_policy_attachment.additional_one",
            "module.order_service_lambda.aws_iam_role_policy_attachment.async",
            "module.order_service_lambda.aws_iam_role_policy_attachment.dead_letter",
            "module.order_service_lambda.aws_iam_role_policy_attachment.logs",
            "module.order_service_lambda.aws_iam_role_policy_attachment.tracing",
            "module.order_service_lambda.aws_iam_role_policy_attachment.vpc",
            "module.order_service_lambda.aws_lambda_function.this",
            "module.order_service_lambda.aws_s3_object.lambda_package",
            "module.order_service_lambda.data.aws_arn.log_group_arn",
            "module.order_service_lambda.data.aws_cloudwatch_log_group.lambda",
            "module.order_service_lambda.data.aws_iam_policy.tracing",
            "module.order_service_lambda.data.aws_iam_policy.vpc",
            "module.order_service_lambda.data.aws_iam_policy_document.additional_inline",
            "module.order_service_lambda.data.aws_iam_policy_document.assume_role",
            "module.order_service_lambda.data.aws_iam_policy_document.async",
            "module.order_service_lambda.data.aws_iam_policy_document.dead_letter",
            "module.order_service_lambda.data.aws_iam_policy_document.logs",
            "module.order_service_lambda.data.aws_partition.current",
            "module.order_service_lambda.data.external.archive_prepare",
            "module.order_service_lambda.local_file.archive_plan",
            "module.order_service_lambda.null_resource.archive",
            "module.order_service_lambda_alias.aws_lambda_alias.no_refresh",
            "module.order_service_lambda_alias.aws_lambda_alias.with_refresh",
            "module.order_service_lambda_alias.data.aws_lambda_alias.existing",
            "module.vpc.aws_subnet.public",
            "module.vpc.aws_vpc.this",
            "module.vpc.aws_vpc_ipv4_cidr_block_association.this"
          ]
        }
      ]
    },
    {
      "module": "module.order_service_lambda",
      "mode": "data",
      "type": "aws_caller_identity",
      "name": "current",
      "provider": "provider[\"registry.terraform.io/hashicorp/aws\"]",
      "instances": [
        {
          "schema_version": 0,
          "attributes": {
            "account_id": "008744601422",
            "arn": "arn:aws:iam::008744601422:user/yd-dev",
            "id": "008744601422",
            "user_id": "AIDAQECJYA5HGJ2WNVWEX"
          },
          "sensitive_attributes": []
        }
      ]
    },
    {
      "module": "module.order_service_lambda",
      "mode": "data",
      "type": "aws_iam_policy_document",
      "name": "assume_role",
      "provider": "provider[\"registry.terraform.io/hashicorp/aws\"]",
      "instances": [
        {
          "index_key": 0,
          "schema_version": 0,
          "attributes": {
            "id": "3693445097",
            "json": "{\n  \"Version\": \"2012-10-17\",\n  \"Statement\": [\n    {\n      \"Sid\": \"\",\n      \"Effect\": \"Allow\",\n      \"Action\": \"sts:AssumeRole\",\n      \"Principal\": {\n        \"Service\": \"lambda.amazonaws.com\"\n      }\n    }\n  ]\n}",
            "override_json": null,
            "override_policy_documents": null,
            "policy_id": null,
            "source_json": null,
            "source_policy_documents": null,
            "statement": [
              {
                "actions": [
                  "sts:AssumeRole"
                ],
                "condition": [],
                "effect": "Allow",
                "not_actions": [],
                "not_principals": [],
                "not_resources": [],
                "principals": [
                  {
                    "identifiers": [
                      "lambda.amazonaws.com"
                    ],
                    "type": "Service"
                  }
                ],
                "resources": [],
                "sid": ""
              }
            ],
            "version": "2012-10-17"
          },
          "sensitive_attributes": []
        }
      ]
    },
    {
      "module": "module.order_service_lambda",
      "mode": "data",
      "type": "aws_iam_policy_document",
      "name": "logs",
      "provider": "provider[\"registry.terraform.io/hashicorp/aws\"]",
      "instances": [
        {
          "index_key": 0,
          "schema_version": 0,
          "attributes": {
            "id": "2694641122",
            "json": "{\n  \"Version\": \"2012-10-17\",\n  \"Statement\": [\n    {\n      \"Sid\": \"\",\n      \"Effect\": \"Allow\",\n      \"Action\": [\n        \"logs:PutLogEvents\",\n        \"logs:CreateLogStream\",\n        \"logs:CreateLogGroup\"\n      ],\n      \"Resource\": [\n        \"arn:aws:logs:ap-south-1:008744601422:log-group:/aws/lambda/order-service-lambda:*:*\",\n        \"arn:aws:logs:ap-south-1:008744601422:log-group:/aws/lambda/order-service-lambda:*\"\n      ]\n    }\n  ]\n}",
            "override_json": null,
            "override_policy_documents": null,
            "policy_id": null,
            "source_json": null,
            "source_policy_documents": null,
            "statement": [
              {
                "actions": [
                  "logs:CreateLogGroup",
                  "logs:CreateLogStream",
                  "logs:PutLogEvents"
                ],
                "condition": [],
                "effect": "Allow",
                "not_actions": [],
                "not_principals": [],
                "not_resources": [],
                "principals": [],
                "resources": [
                  "arn:aws:logs:ap-south-1:008744601422:log-group:/aws/lambda/order-service-lambda:*",
                  "arn:aws:logs:ap-south-1:008744601422:log-group:/aws/lambda/order-service-lambda:*:*"
                ],
                "sid": ""
              }
            ],
            "version": "2012-10-17"
          },
          "sensitive_attributes": []
        }
      ]
    },
    {
      "module": "module.order_service_lambda",
      "mode": "data",
      "type": "aws_partition",
      "name": "current",
      "provider": "provider[\"registry.terraform.io/hashicorp/aws\"]",
      "instances": [
        {
          "schema_version": 0,
          "attributes": {
            "dns_suffix": "amazonaws.com",
            "id": "aws",
            "partition": "aws",
            "reverse_dns_prefix": "com.amazonaws"
          },
          "sensitive_attributes": []
        }
      ]
    },
    {
      "module": "module.order_service_lambda",
      "mode": "data",
      "type": "aws_region",
      "name": "current",
      "provider": "provider[\"registry.terraform.io/hashicorp/aws\"]",
      "instances": [
        {
          "schema_version": 0,
          "attributes": {
            "description": "Asia Pacific (Mumbai)",
            "endpoint": "ec2.ap-south-1.amazonaws.com",
            "id": "ap-south-1",
            "name": "ap-south-1"
          },
          "sensitive_attributes": []
        }
      ]
    },
    {
      "module": "module.order_service_lambda",
      "mode": "data",
      "type": "external",
      "name": "archive_prepare",
      "provider": "provider[\"registry.terraform.io/hashicorp/external\"]",
      "instances": [
        {
          "index_key": 0,
          "schema_version": 0,
          "attributes": {
            "id": "-",
            "program": [
              "python3",
              ".terraform/modules/order_service_lambda/package.py",
              "prepare"
            ],
            "query": {
              "artifacts_dir": "builds",
              "docker": null,
              "hash_extra": "",
              "hash_extra_paths": "[]",
              "paths": "{\"cwd\":\"/home/yh1087/projects/aws/aws-security-templates/terraform/modules/service-b/scenario-1\",\"module\":\".terraform/modules/order_service_lambda\",\"root\":\".\"}",
              "recreate_missing_package": "true",
              "runtime": "nodejs18.x",
              "source_path": "\"./../../../../order-service\""
            },
            "result": {
              "build_plan": "{\"filename\": \"builds/a32461356c5f486bdf164a339d0324012063d4c025899fbd8c4b83633e13bf27.zip\", \"runtime\": \"nodejs18.x\", \"artifacts_dir\": \"builds\", \"build_plan\": [[\"zip\", \"./../../../../order-service\", null]]}",
              "build_plan_filename": "builds/a32461356c5f486bdf164a339d0324012063d4c025899fbd8c4b83633e13bf27.plan.json",
              "filename": "builds/a32461356c5f486bdf164a339d0324012063d4c025899fbd8c4b83633e13bf27.zip",
              "timestamp": "1681453901623138000",
              "was_missing": "false"
            },
            "working_dir": null
          },
          "sensitive_attributes": []
        }
      ]
    },
    {
      "module": "module.order_service_lambda",
      "mode": "managed",
      "type": "aws_cloudwatch_log_group",
      "name": "lambda",
      "provider": "provider[\"registry.terraform.io/hashicorp/aws\"]",
      "instances": [
        {
          "index_key": 0,
          "schema_version": 0,
          "attributes": {
            "arn": "arn:aws:logs:ap-south-1:008744601422:log-group:/aws/lambda/order-service-lambda",
            "id": "/aws/lambda/order-service-lambda",
            "kms_key_id": "",
            "name": "/aws/lambda/order-service-lambda",
            "name_prefix": "",
            "retention_in_days": 0,
            "skip_destroy": false,
            "tags": {
              "environment": "dev",
              "terraform": "true"
            },
            "tags_all": {
              "environment": "dev",
              "terraform": "true"
            }
          },
          "sensitive_attributes": [],
          "private": "bnVsbA==",
          "create_before_destroy": true
        }
      ]
    },
    {
      "module": "module.order_service_lambda",
      "mode": "managed",
      "type": "aws_iam_policy",
      "name": "logs",
      "provider": "provider[\"registry.terraform.io/hashicorp/aws\"]",
      "instances": [
        {
          "index_key": 0,
          "schema_version": 0,
          "attributes": {
            "arn": "arn:aws:iam::008744601422:policy/order-service-lambda-logs",
            "description": "",
            "id": "arn:aws:iam::008744601422:policy/order-service-lambda-logs",
            "name": "order-service-lambda-logs",
            "name_prefix": "",
            "path": "/",
            "policy": "{\"Statement\":[{\"Action\":[\"logs:PutLogEvents\",\"logs:CreateLogStream\",\"logs:CreateLogGroup\"],\"Effect\":\"Allow\",\"Resource\":[\"arn:aws:logs:ap-south-1:008744601422:log-group:/aws/lambda/order-service-lambda:*:*\",\"arn:aws:logs:ap-south-1:008744601422:log-group:/aws/lambda/order-service-lambda:*\"],\"Sid\":\"\"}],\"Version\":\"2012-10-17\"}",
            "policy_id": "ANPAQECJYA5HEXQUOMSPS",
            "tags": {
              "environment": "dev",
              "terraform": "true"
            },
            "tags_all": {
              "environment": "dev",
              "terraform": "true"
            }
          },
          "sensitive_attributes": [],
          "private": "bnVsbA==",
          "dependencies": [
            "module.order_service_lambda.aws_cloudwatch_log_group.lambda",
            "module.order_service_lambda.data.aws_arn.log_group_arn",
            "module.order_service_lambda.data.aws_cloudwatch_log_group.lambda",
            "module.order_service_lambda.data.aws_iam_policy_document.logs"
          ],
          "create_before_destroy": true
        }
      ]
    },
    {
      "module": "module.order_service_lambda",
      "mode": "managed",
      "type": "aws_iam_role",
      "name": "lambda",
      "provider": "provider[\"registry.terraform.io/hashicorp/aws\"]",
      "instances": [
        {
          "index_key": 0,
          "schema_version": 0,
          "attributes": {
            "arn": "arn:aws:iam::008744601422:role/order-service-lambda",
            "assume_role_policy": "{\"Statement\":[{\"Action\":\"sts:AssumeRole\",\"Effect\":\"Allow\",\"Principal\":{\"Service\":\"lambda.amazonaws.com\"},\"Sid\":\"\"}],\"Version\":\"2012-10-17\"}",
            "create_date": "2023-04-14T06:12:52Z",
            "description": "",
            "force_detach_policies": true,
            "id": "order-service-lambda",
            "inline_policy": [],
            "managed_policy_arns": [
              "arn:aws:iam::008744601422:policy/order-service-lambda-logs"
            ],
            "max_session_duration": 3600,
            "name": "order-service-lambda",
            "name_prefix": "",
            "path": "/",
            "permissions_boundary": null,
            "tags": {
              "environment": "dev",
              "terraform": "true"
            },
            "tags_all": {
              "environment": "dev",
              "terraform": "true"
            },
            "unique_id": "AROAQECJYA5HIBZKYSNO5"
          },
          "sensitive_attributes": [],
          "private": "bnVsbA==",
          "dependencies": [
            "module.order_service_lambda.data.aws_iam_policy_document.assume_role"
          ],
          "create_before_destroy": true
        }
      ]
    },
    {
      "module": "module.order_service_lambda",
      "mode": "managed",
      "type": "aws_iam_role_policy_attachment",
      "name": "logs",
      "provider": "provider[\"registry.terraform.io/hashicorp/aws\"]",
      "instances": [
        {
          "index_key": 0,
          "schema_version": 0,
          "attributes": {
            "id": "order-service-lambda-20230414061254079200000002",
            "policy_arn": "arn:aws:iam::008744601422:policy/order-service-lambda-logs",
            "role": "order-service-lambda"
          },
          "sensitive_attributes": [],
          "private": "bnVsbA==",
          "dependencies": [
            "module.order_service_lambda.aws_cloudwatch_log_group.lambda",
            "module.order_service_lambda.aws_iam_policy.logs",
            "module.order_service_lambda.aws_iam_role.lambda",
            "module.order_service_lambda.data.aws_arn.log_group_arn",
            "module.order_service_lambda.data.aws_cloudwatch_log_group.lambda",
            "module.order_service_lambda.data.aws_iam_policy_document.assume_role",
            "module.order_service_lambda.data.aws_iam_policy_document.logs"
          ],
          "create_before_destroy": true
        }
      ]
    },
    {
      "module": "module.order_service_lambda",
      "mode": "managed",
      "type": "aws_lambda_function",
      "name": "this",
      "provider": "provider[\"registry.terraform.io/hashicorp/aws\"]",
      "instances": [
        {
          "index_key": 0,
          "schema_version": 0,
          "attributes": {
            "architectures": [
              "x86_64"
            ],
            "arn": "arn:aws:lambda:ap-south-1:008744601422:function:order-service-lambda",
            "code_signing_config_arn": "",
            "dead_letter_config": [],
            "description": "AWS Lambda function for order service",
            "environment": [
              {
                "variables": {
                  "ENVIRONMENT": "dev"
                }
              }
            ],
            "ephemeral_storage": [
              {
                "size": 512
              }
            ],
            "file_system_config": [],
            "filename": "builds/a32461356c5f486bdf164a339d0324012063d4c025899fbd8c4b83633e13bf27.zip",
            "function_name": "order-service-lambda",
            "handler": "index.handler",
            "id": "order-service-lambda",
            "image_config": [],
            "image_uri": "",
            "invoke_arn": "arn:aws:apigateway:ap-south-1:lambda:path/2015-03-31/functions/arn:aws:lambda:ap-south-1:008744601422:function:order-service-lambda/invocations",
            "kms_key_arn": "",
            "last_modified": "2023-04-14T06:32:12.000+0000",
            "layers": [],
            "memory_size": 128,
            "package_type": "Zip",
            "publish": false,
            "qualified_arn": "arn:aws:lambda:ap-south-1:008744601422:function:order-service-lambda:$LATEST",
            "qualified_invoke_arn": "arn:aws:apigateway:ap-south-1:lambda:path/2015-03-31/functions/arn:aws:lambda:ap-south-1:008744601422:function:order-service-lambda:$LATEST/invocations",
            "replace_security_groups_on_destroy": null,
            "replacement_security_group_ids": null,
            "reserved_concurrent_executions": -1,
            "role": "arn:aws:iam::008744601422:role/order-service-lambda",
            "runtime": "nodejs18.x",
            "s3_bucket": null,
            "s3_key": null,
            "s3_object_version": null,
            "signing_job_arn": "",
            "signing_profile_version_arn": "",
            "skip_destroy": false,
            "snap_start": [],
            "source_code_hash": "h9xRgYp0VKLQ4JcEQqRfcBy8KNXGLoAgZS6PyRpw/P0=",
            "source_code_size": 287,
            "tags": {
              "environment": "dev",
              "terraform": "true"
            },
            "tags_all": {
              "environment": "dev",
              "terraform": "true"
            },
            "timeout": 3,
            "timeouts": null,
            "tracing_config": [
              {
                "mode": "PassThrough"
              }
            ],
            "version": "$LATEST",
            "vpc_config": []
          },
          "sensitive_attributes": [],
          "private": "eyJlMmJmYjczMC1lY2FhLTExZTYtOGY4OC0zNDM2M2JjN2M0YzAiOnsiY3JlYXRlIjo2MDAwMDAwMDAwMDAsImRlbGV0ZSI6NjAwMDAwMDAwMDAwLCJ1cGRhdGUiOjYwMDAwMDAwMDAwMH19",
          "dependencies": [
            "module.order_service_lambda.aws_cloudwatch_log_group.lambda",
            "module.order_service_lambda.aws_iam_policy.additional_inline",
            "module.order_service_lambda.aws_iam_policy.additional_json",
            "module.order_service_lambda.aws_iam_policy.additional_jsons",
            "module.order_service_lambda.aws_iam_policy.async",
            "module.order_service_lambda.aws_iam_policy.dead_letter",
            "module.order_service_lambda.aws_iam_policy.logs",
            "module.order_service_lambda.aws_iam_policy.tracing",
            "module.order_service_lambda.aws_iam_policy.vpc",
            "module.order_service_lambda.aws_iam_role.lambda",
            "module.order_service_lambda.aws_iam_role_policy_attachment.additional_inline",
            "module.order_service_lambda.aws_iam_role_policy_attachment.additional_json",
            "module.order_service_lambda.aws_iam_role_policy_attachment.additional_jsons",
            "module.order_service_lambda.aws_iam_role_policy_attachment.additional_many",
            "module.order_service_lambda.aws_iam_role_policy_attachment.additional_one",
            "module.order_service_lambda.aws_iam_role_policy_attachment.async",
            "module.order_service_lambda.aws_iam_role_policy_attachment.dead_letter",
            "module.order_service_lambda.aws_iam_role_policy_attachment.logs",
            "module.order_service_lambda.aws_iam_role_policy_attachment.tracing",
            "module.order_service_lambda.aws_iam_role_policy_attachment.vpc",
            "module.order_service_lambda.aws_s3_object.lambda_package",
            "module.order_service_lambda.data.aws_arn.log_group_arn",
            "module.order_service_lambda.data.aws_cloudwatch_log_group.lambda",
            "module.order_service_lambda.data.aws_iam_policy.tracing",
            "module.order_service_lambda.data.aws_iam_policy.vpc",
            "module.order_service_lambda.data.aws_iam_policy_document.additional_inline",
            "module.order_service_lambda.data.aws_iam_policy_document.assume_role",
            "module.order_service_lambda.data.aws_iam_policy_document.async",
            "module.order_service_lambda.data.aws_iam_policy_document.dead_letter",
            "module.order_service_lambda.data.aws_iam_policy_document.logs",
            "module.order_service_lambda.data.aws_partition.current",
            "module.order_service_lambda.data.external.archive_prepare",
            "module.order_service_lambda.local_file.archive_plan",
            "module.order_service_lambda.null_resource.archive"
          ],
          "create_before_destroy": true
        }
      ]
    },
    {
      "module": "module.order_service_lambda",
      "mode": "managed",
      "type": "local_file",
      "name": "archive_plan",
      "provider": "provider[\"registry.terraform.io/hashicorp/local\"]",
      "instances": [
        {
          "index_key": 0,
          "schema_version": 0,
          "attributes": {
            "content": "{\"filename\": \"builds/a32461356c5f486bdf164a339d0324012063d4c025899fbd8c4b83633e13bf27.zip\", \"runtime\": \"nodejs18.x\", \"artifacts_dir\": \"builds\", \"build_plan\": [[\"zip\", \"./../../../../order-service\", null]]}",
            "content_base64": null,
            "content_base64sha256": "tPM56x4yP8oS9P2u5HiQgMXbgfvtwjtfYq4G+oyTJ2k=",
            "content_base64sha512": "jc56Lv3/Rwqw+MI0Z0TM6sGvETMHMtIQ0s6Giw0uaX4jReLrzV32FVhn9/oKHz3l0dHadGbuMEu1i7ipHRXVQg==",
            "content_md5": "4c91fb5892609d90ce0f642b39be1835",
            "content_sha1": "a4ee7a48534d515bcafe33c0f65b832692799dd5",
            "content_sha256": "b4f339eb1e323fca12f4fdaee4789080c5db81fbedc23b5f62ae06fa8c932769",
            "content_sha512": "8dce7a2efdff470ab0f8c2346744cceac1af11330732d210d2ce868b0d2e697e2345e2ebcd5df6155867f7fa0a1f3de5d1d1da7466ee304bb58bb8a91d15d542",
            "directory_permission": "0755",
            "file_permission": "0644",
            "filename": "builds/a32461356c5f486bdf164a339d0324012063d4c025899fbd8c4b83633e13bf27.plan.json",
            "id": "a4ee7a48534d515bcafe33c0f65b832692799dd5",
            "sensitive_content": null,
            "source": null
          },
          "sensitive_attributes": [],
          "dependencies": [
            "module.order_service_lambda.data.external.archive_prepare"
          ],
          "create_before_destroy": true
        }
      ]
    },
    {
      "module": "module.order_service_lambda",
      "mode": "managed",
      "type": "null_resource",
      "name": "archive",
      "provider": "provider[\"registry.terraform.io/hashicorp/null\"]",
      "instances": [
        {
          "index_key": 0,
          "schema_version": 0,
          "attributes": {
            "id": "4720380477435223488",
            "triggers": {
              "filename": "builds/a32461356c5f486bdf164a339d0324012063d4c025899fbd8c4b83633e13bf27.zip",
              "timestamp": "1681453901623138000"
            }
          },
          "sensitive_attributes": [],
          "dependencies": [
            "module.order_service_lambda.data.external.archive_prepare",
            "module.order_service_lambda.local_file.archive_plan"
          ],
          "create_before_destroy": true
        }
      ]
    },
    {
      "module": "module.order_service_lambda",
      "mode": "managed",
      "type": "null_resource",
      "name": "sam_metadata_aws_lambda_function",
      "provider": "provider[\"registry.terraform.io/hashicorp/null\"]",
      "instances": [
        {
          "index_key": 0,
          "schema_version": 0,
          "attributes": {
            "id": "1687990629088733693",
            "triggers": {
              "built_output_path": "builds/a32461356c5f486bdf164a339d0324012063d4c025899fbd8c4b83633e13bf27.zip",
              "original_source_code": "\"./../../../../order-service\"",
              "resource_name": "aws_lambda_function.this[0]",
              "resource_type": "ZIP_LAMBDA_FUNCTION",
              "source_code_property": "path"
            }
          },
          "sensitive_attributes": [],
          "dependencies": [
            "module.order_service_lambda.data.external.archive_prepare",
            "module.order_service_lambda.local_file.archive_plan",
            "module.order_service_lambda.null_resource.archive"
          ]
        }
      ]
    },
    {
      "module": "module.order_service_lambda_alias",
      "mode": "managed",
      "type": "aws_lambda_alias",
      "name": "no_refresh",
      "provider": "provider[\"registry.terraform.io/hashicorp/aws\"]",
      "instances": [
        {
          "index_key": 0,
          "schema_version": 0,
          "attributes": {
            "arn": "arn:aws:lambda:ap-south-1:008744601422:function:order-service-lambda:order-Service_lambda_alias",
            "description": "",
            "function_name": "order-service-lambda",
            "function_version": "$LATEST",
            "id": "arn:aws:lambda:ap-south-1:008744601422:function:order-service-lambda:order-Service_lambda_alias",
            "invoke_arn": "arn:aws:apigateway:ap-south-1:lambda:path/2015-03-31/functions/arn:aws:lambda:ap-south-1:008744601422:function:order-service-lambda:order-Service_lambda_alias/invocations",
            "name": "order-Service_lambda_alias",
            "routing_config": []
          },
          "sensitive_attributes": [],
          "private": "bnVsbA==",
          "dependencies": [
            "module.order_service_lambda.aws_cloudwatch_log_group.lambda",
            "module.order_service_lambda.aws_iam_policy.additional_inline",
            "module.order_service_lambda.aws_iam_policy.additional_json",
            "module.order_service_lambda.aws_iam_policy.additional_jsons",
            "module.order_service_lambda.aws_iam_policy.async",
            "module.order_service_lambda.aws_iam_policy.dead_letter",
            "module.order_service_lambda.aws_iam_policy.logs",
            "module.order_service_lambda.aws_iam_policy.tracing",
            "module.order_service_lambda.aws_iam_policy.vpc",
            "module.order_service_lambda.aws_iam_role.lambda",
            "module.order_service_lambda.aws_iam_role_policy_attachment.additional_inline",
            "module.order_service_lambda.aws_iam_role_policy_attachment.additional_json",
            "module.order_service_lambda.aws_iam_role_policy_attachment.additional_jsons",
            "module.order_service_lambda.aws_iam_role_policy_attachment.additional_many",
            "module.order_service_lambda.aws_iam_role_policy_attachment.additional_one",
            "module.order_service_lambda.aws_iam_role_policy_attachment.async",
            "module.order_service_lambda.aws_iam_role_policy_attachment.dead_letter",
            "module.order_service_lambda.aws_iam_role_policy_attachment.logs",
            "module.order_service_lambda.aws_iam_role_policy_attachment.tracing",
            "module.order_service_lambda.aws_iam_role_policy_attachment.vpc",
            "module.order_service_lambda.aws_lambda_function.this",
            "module.order_service_lambda.aws_s3_object.lambda_package",
            "module.order_service_lambda.data.aws_arn.log_group_arn",
            "module.order_service_lambda.data.aws_cloudwatch_log_group.lambda",
            "module.order_service_lambda.data.aws_iam_policy.tracing",
            "module.order_service_lambda.data.aws_iam_policy.vpc",
            "module.order_service_lambda.data.aws_iam_policy_document.additional_inline",
            "module.order_service_lambda.data.aws_iam_policy_document.assume_role",
            "module.order_service_lambda.data.aws_iam_policy_document.async",
            "module.order_service_lambda.data.aws_iam_policy_document.dead_letter",
            "module.order_service_lambda.data.aws_iam_policy_document.logs",
            "module.order_service_lambda.data.aws_partition.current",
            "module.order_service_lambda.data.external.archive_prepare",
            "module.order_service_lambda.local_file.archive_plan",
            "module.order_service_lambda.null_resource.archive"
          ],
          "create_before_destroy": true
        }
      ]
    },
    {
      "module": "module.order_service_lambda_alias",
      "mode": "managed",
      "type": "aws_lambda_permission",
      "name": "qualified_alias_triggers",
      "provider": "provider[\"registry.terraform.io/hashicorp/aws\"]",
      "instances": [
        {
          "index_key": "AllowExecutionFromELB",
          "schema_version": 0,
          "attributes": {
            "action": "lambda:InvokeFunction",
            "event_source_token": null,
            "function_name": "order-service-lambda",
            "function_url_auth_type": null,
            "id": "AllowExecutionFromELB",
            "principal": "elasticloadbalancing.amazonaws.com",
            "principal_org_id": null,
            "qualifier": "order-Service_lambda_alias",
            "source_account": null,
            "source_arn": "arn:aws:elasticloadbalancing:ap-south-1:008744601422:targetgroup/tf-20230414062009268400000001/fe7ea5da6253445d",
            "statement_id": "AllowExecutionFromELB",
            "statement_id_prefix": ""
          },
          "sensitive_attributes": [],
          "private": "bnVsbA==",
          "dependencies": [
            "aws_security_group.alb_sg",
            "module.alb.aws_lb.this",
            "module.alb.aws_lb_target_group.main",
            "module.order_service_lambda.aws_cloudwatch_log_group.lambda",
            "module.order_service_lambda.aws_iam_policy.additional_inline",
            "module.order_service_lambda.aws_iam_policy.additional_json",
            "module.order_service_lambda.aws_iam_policy.additional_jsons",
            "module.order_service_lambda.aws_iam_policy.async",
            "module.order_service_lambda.aws_iam_policy.dead_letter",
            "module.order_service_lambda.aws_iam_policy.logs",
            "module.order_service_lambda.aws_iam_policy.tracing",
            "module.order_service_lambda.aws_iam_policy.vpc",
            "module.order_service_lambda.aws_iam_role.lambda",
            "module.order_service_lambda.aws_iam_role_policy_attachment.additional_inline",
            "module.order_service_lambda.aws_iam_role_policy_attachment.additional_json",
            "module.order_service_lambda.aws_iam_role_policy_attachment.additional_jsons",
            "module.order_service_lambda.aws_iam_role_policy_attachment.additional_many",
            "module.order_service_lambda.aws_iam_role_policy_attachment.additional_one",
            "module.order_service_lambda.aws_iam_role_policy_attachment.async",
            "module.order_service_lambda.aws_iam_role_policy_attachment.dead_letter",
            "module.order_service_lambda.aws_iam_role_policy_attachment.logs",
            "module.order_service_lambda.aws_iam_role_policy_attachment.tracing",
            "module.order_service_lambda.aws_iam_role_policy_attachment.vpc",
            "module.order_service_lambda.aws_lambda_function.this",
            "module.order_service_lambda.aws_s3_object.lambda_package",
            "module.order_service_lambda.data.aws_arn.log_group_arn",
            "module.order_service_lambda.data.aws_cloudwatch_log_group.lambda",
            "module.order_service_lambda.data.aws_iam_policy.tracing",
            "module.order_service_lambda.data.aws_iam_policy.vpc",
            "module.order_service_lambda.data.aws_iam_policy_document.additional_inline",
            "module.order_service_lambda.data.aws_iam_policy_document.assume_role",
            "module.order_service_lambda.data.aws_iam_policy_document.async",
            "module.order_service_lambda.data.aws_iam_policy_document.dead_letter",
            "module.order_service_lambda.data.aws_iam_policy_document.logs",
            "module.order_service_lambda.data.aws_partition.current",
            "module.order_service_lambda.data.external.archive_prepare",
            "module.order_service_lambda.local_file.archive_plan",
            "module.order_service_lambda.null_resource.archive",
            "module.order_service_lambda_alias.aws_lambda_alias.no_refresh",
            "module.order_service_lambda_alias.aws_lambda_alias.with_refresh",
            "module.order_service_lambda_alias.data.aws_lambda_alias.existing",
            "module.vpc.aws_subnet.public",
            "module.vpc.aws_vpc.this",
            "module.vpc.aws_vpc_ipv4_cidr_block_association.this"
          ]
        }
      ]
    },
    {
      "module": "module.order_service_lambda_alias",
      "mode": "managed",
      "type": "aws_lambda_permission",
      "name": "version_triggers",
      "provider": "provider[\"registry.terraform.io/hashicorp/aws\"]",
      "instances": [
        {
          "index_key": "AllowExecutionFromELB",
          "schema_version": 0,
          "attributes": {
            "action": "lambda:InvokeFunction",
            "event_source_token": null,
            "function_name": "order-service-lambda",
            "function_url_auth_type": null,
            "id": "AllowExecutionFromELB",
            "principal": "elasticloadbalancing.amazonaws.com",
            "principal_org_id": null,
            "qualifier": "",
            "source_account": null,
            "source_arn": "arn:aws:elasticloadbalancing:ap-south-1:008744601422:targetgroup/tf-20230414062009268400000001/fe7ea5da6253445d",
            "statement_id": "AllowExecutionFromELB",
            "statement_id_prefix": ""
          },
          "sensitive_attributes": [],
          "private": "bnVsbA==",
          "dependencies": [
            "aws_security_group.alb_sg",
            "module.alb.aws_lb.this",
            "module.alb.aws_lb_target_group.main",
            "module.order_service_lambda.aws_cloudwatch_log_group.lambda",
            "module.order_service_lambda.aws_iam_policy.additional_inline",
            "module.order_service_lambda.aws_iam_policy.additional_json",
            "module.order_service_lambda.aws_iam_policy.additional_jsons",
            "module.order_service_lambda.aws_iam_policy.async",
            "module.order_service_lambda.aws_iam_policy.dead_letter",
            "module.order_service_lambda.aws_iam_policy.logs",
            "module.order_service_lambda.aws_iam_policy.tracing",
            "module.order_service_lambda.aws_iam_policy.vpc",
            "module.order_service_lambda.aws_iam_role.lambda",
            "module.order_service_lambda.aws_iam_role_policy_attachment.additional_inline",
            "module.order_service_lambda.aws_iam_role_policy_attachment.additional_json",
            "module.order_service_lambda.aws_iam_role_policy_attachment.additional_jsons",
            "module.order_service_lambda.aws_iam_role_policy_attachment.additional_many",
            "module.order_service_lambda.aws_iam_role_policy_attachment.additional_one",
            "module.order_service_lambda.aws_iam_role_policy_attachment.async",
            "module.order_service_lambda.aws_iam_role_policy_attachment.dead_letter",
            "module.order_service_lambda.aws_iam_role_policy_attachment.logs",
            "module.order_service_lambda.aws_iam_role_policy_attachment.tracing",
            "module.order_service_lambda.aws_iam_role_policy_attachment.vpc",
            "module.order_service_lambda.aws_lambda_function.this",
            "module.order_service_lambda.aws_s3_object.lambda_package",
            "module.order_service_lambda.data.aws_arn.log_group_arn",
            "module.order_service_lambda.data.aws_cloudwatch_log_group.lambda",
            "module.order_service_lambda.data.aws_iam_policy.tracing",
            "module.order_service_lambda.data.aws_iam_policy.vpc",
            "module.order_service_lambda.data.aws_iam_policy_document.additional_inline",
            "module.order_service_lambda.data.aws_iam_policy_document.assume_role",
            "module.order_service_lambda.data.aws_iam_policy_document.async",
            "module.order_service_lambda.data.aws_iam_policy_document.dead_letter",
            "module.order_service_lambda.data.aws_iam_policy_document.logs",
            "module.order_service_lambda.data.aws_partition.current",
            "module.order_service_lambda.data.external.archive_prepare",
            "module.order_service_lambda.local_file.archive_plan",
            "module.order_service_lambda.null_resource.archive",
            "module.order_service_lambda_alias.aws_lambda_alias.no_refresh",
            "module.order_service_lambda_alias.aws_lambda_alias.with_refresh",
            "module.order_service_lambda_alias.data.aws_lambda_alias.existing",
            "module.vpc.aws_subnet.public",
            "module.vpc.aws_vpc.this",
            "module.vpc.aws_vpc_ipv4_cidr_block_association.this"
          ]
        }
      ]
    },
    {
      "module": "module.vpc",
      "mode": "managed",
      "type": "aws_internet_gateway",
      "name": "this",
      "provider": "provider[\"registry.terraform.io/hashicorp/aws\"]",
      "instances": [
        {
          "index_key": 0,
          "schema_version": 0,
          "attributes": {
            "arn": "arn:aws:ec2:ap-south-1:008744601422:internet-gateway/igw-0a99525443fcafd9b",
            "id": "igw-0a99525443fcafd9b",
            "owner_id": "008744601422",
            "tags": {
              "Environment": "dev",
              "Name": "service-b-vpc"
            },
            "tags_all": {
              "Environment": "dev",
              "Name": "service-b-vpc"
            },
            "timeouts": null,
            "vpc_id": "vpc-06c5e90f83d6318ce"
          },
          "sensitive_attributes": [],
          "private": "eyJlMmJmYjczMC1lY2FhLTExZTYtOGY4OC0zNDM2M2JjN2M0YzAiOnsiY3JlYXRlIjoxMjAwMDAwMDAwMDAwLCJkZWxldGUiOjEyMDAwMDAwMDAwMDAsInVwZGF0ZSI6MTIwMDAwMDAwMDAwMH19",
          "dependencies": [
            "module.vpc.aws_vpc.this",
            "module.vpc.aws_vpc_ipv4_cidr_block_association.this"
          ]
        }
      ]
    },
    {
      "module": "module.vpc",
      "mode": "managed",
      "type": "aws_route",
      "name": "public_internet_gateway",
      "provider": "provider[\"registry.terraform.io/hashicorp/aws\"]",
      "instances": [
        {
          "index_key": 0,
          "schema_version": 0,
          "attributes": {
            "carrier_gateway_id": "",
            "core_network_arn": "",
            "destination_cidr_block": "0.0.0.0/0",
            "destination_ipv6_cidr_block": "",
            "destination_prefix_list_id": "",
            "egress_only_gateway_id": "",
            "gateway_id": "igw-0a99525443fcafd9b",
            "id": "r-rtb-08524a7759e4173231080289494",
            "instance_id": "",
            "instance_owner_id": "",
            "local_gateway_id": "",
            "nat_gateway_id": "",
            "network_interface_id": "",
            "origin": "CreateRoute",
            "route_table_id": "rtb-08524a7759e417323",
            "state": "active",
            "timeouts": {
              "create": "5m",
              "delete": null,
              "update": null
            },
            "transit_gateway_id": "",
            "vpc_endpoint_id": "",
            "vpc_peering_connection_id": ""
          },
          "sensitive_attributes": [],
          "private": "eyJlMmJmYjczMC1lY2FhLTExZTYtOGY4OC0zNDM2M2JjN2M0YzAiOnsiY3JlYXRlIjozMDAwMDAwMDAwMDAsImRlbGV0ZSI6MzAwMDAwMDAwMDAwLCJ1cGRhdGUiOjEyMDAwMDAwMDAwMH19",
          "dependencies": [
            "module.vpc.aws_internet_gateway.this",
            "module.vpc.aws_route_table.public",
            "module.vpc.aws_vpc.this",
            "module.vpc.aws_vpc_ipv4_cidr_block_association.this"
          ]
        }
      ]
    },
    {
      "module": "module.vpc",
      "mode": "managed",
      "type": "aws_route_table",
      "name": "private",
      "provider": "provider[\"registry.terraform.io/hashicorp/aws\"]",
      "instances": [
        {
          "index_key": 0,
          "schema_version": 0,
          "attributes": {
            "arn": "arn:aws:ec2:ap-south-1:008744601422:route-table/rtb-0ba13b3fa2125d64d",
            "id": "rtb-0ba13b3fa2125d64d",
            "owner_id": "008744601422",
            "propagating_vgws": [],
            "route": [],
            "tags": {
              "Environment": "dev",
              "Name": "service-b-vpc-private-ap-south-1a"
            },
            "tags_all": {
              "Environment": "dev",
              "Name": "service-b-vpc-private-ap-south-1a"
            },
            "timeouts": null,
            "vpc_id": "vpc-06c5e90f83d6318ce"
          },
          "sensitive_attributes": [],
          "private": "eyJlMmJmYjczMC1lY2FhLTExZTYtOGY4OC0zNDM2M2JjN2M0YzAiOnsiY3JlYXRlIjozMDAwMDAwMDAwMDAsImRlbGV0ZSI6MzAwMDAwMDAwMDAwLCJ1cGRhdGUiOjEyMDAwMDAwMDAwMH19",
          "dependencies": [
            "module.vpc.aws_vpc.this",
            "module.vpc.aws_vpc_ipv4_cidr_block_association.this"
          ]
        },
        {
          "index_key": 1,
          "schema_version": 0,
          "attributes": {
            "arn": "arn:aws:ec2:ap-south-1:008744601422:route-table/rtb-0e092ecd2d1b03ac5",
            "id": "rtb-0e092ecd2d1b03ac5",
            "owner_id": "008744601422",
            "propagating_vgws": [],
            "route": [],
            "tags": {
              "Environment": "dev",
              "Name": "service-b-vpc-private-ap-south-1b"
            },
            "tags_all": {
              "Environment": "dev",
              "Name": "service-b-vpc-private-ap-south-1b"
            },
            "timeouts": null,
            "vpc_id": "vpc-06c5e90f83d6318ce"
          },
          "sensitive_attributes": [],
          "private": "eyJlMmJmYjczMC1lY2FhLTExZTYtOGY4OC0zNDM2M2JjN2M0YzAiOnsiY3JlYXRlIjozMDAwMDAwMDAwMDAsImRlbGV0ZSI6MzAwMDAwMDAwMDAwLCJ1cGRhdGUiOjEyMDAwMDAwMDAwMH19",
          "dependencies": [
            "module.vpc.aws_vpc.this",
            "module.vpc.aws_vpc_ipv4_cidr_block_association.this"
          ]
        }
      ]
    },
    {
      "module": "module.vpc",
      "mode": "managed",
      "type": "aws_route_table",
      "name": "public",
      "provider": "provider[\"registry.terraform.io/hashicorp/aws\"]",
      "instances": [
        {
          "index_key": 0,
          "schema_version": 0,
          "attributes": {
            "arn": "arn:aws:ec2:ap-south-1:008744601422:route-table/rtb-08524a7759e417323",
            "id": "rtb-08524a7759e417323",
            "owner_id": "008744601422",
            "propagating_vgws": [],
            "route": [
              {
                "carrier_gateway_id": "",
                "cidr_block": "0.0.0.0/0",
                "core_network_arn": "",
                "destination_prefix_list_id": "",
                "egress_only_gateway_id": "",
                "gateway_id": "igw-0a99525443fcafd9b",
                "instance_id": "",
                "ipv6_cidr_block": "",
                "local_gateway_id": "",
                "nat_gateway_id": "",
                "network_interface_id": "",
                "transit_gateway_id": "",
                "vpc_endpoint_id": "",
                "vpc_peering_connection_id": ""
              }
            ],
            "tags": {
              "Environment": "dev",
              "Name": "service-b-vpc-public"
            },
            "tags_all": {
              "Environment": "dev",
              "Name": "service-b-vpc-public"
            },
            "timeouts": null,
            "vpc_id": "vpc-06c5e90f83d6318ce"
          },
          "sensitive_attributes": [],
          "private": "eyJlMmJmYjczMC1lY2FhLTExZTYtOGY4OC0zNDM2M2JjN2M0YzAiOnsiY3JlYXRlIjozMDAwMDAwMDAwMDAsImRlbGV0ZSI6MzAwMDAwMDAwMDAwLCJ1cGRhdGUiOjEyMDAwMDAwMDAwMH19",
          "dependencies": [
            "module.vpc.aws_vpc.this",
            "module.vpc.aws_vpc_ipv4_cidr_block_association.this"
          ]
        }
      ]
    },
    {
      "module": "module.vpc",
      "mode": "managed",
      "type": "aws_route_table_association",
      "name": "private",
      "provider": "provider[\"registry.terraform.io/hashicorp/aws\"]",
      "instances": [
        {
          "index_key": 0,
          "schema_version": 0,
          "attributes": {
            "gateway_id": "",
            "id": "rtbassoc-0d552d8ca9cfc5f3c",
            "route_table_id": "rtb-0ba13b3fa2125d64d",
            "subnet_id": "subnet-0568e35a46eaeb75c"
          },
          "sensitive_attributes": [],
          "private": "bnVsbA==",
          "dependencies": [
            "module.vpc.aws_route_table.private",
            "module.vpc.aws_subnet.private",
            "module.vpc.aws_vpc.this",
            "module.vpc.aws_vpc_ipv4_cidr_block_association.this"
          ]
        },
        {
          "index_key": 1,
          "schema_version": 0,
          "attributes": {
            "gateway_id": "",
            "id": "rtbassoc-06557c4e134293eba",
            "route_table_id": "rtb-0e092ecd2d1b03ac5",
            "subnet_id": "subnet-01583f822e6b9dfe3"
          },
          "sensitive_attributes": [],
          "private": "bnVsbA==",
          "dependencies": [
            "module.vpc.aws_route_table.private",
            "module.vpc.aws_subnet.private",
            "module.vpc.aws_vpc.this",
            "module.vpc.aws_vpc_ipv4_cidr_block_association.this"
          ]
        }
      ]
    },
    {
      "module": "module.vpc",
      "mode": "managed",
      "type": "aws_route_table_association",
      "name": "public",
      "provider": "provider[\"registry.terraform.io/hashicorp/aws\"]",
      "instances": [
        {
          "index_key": 0,
          "schema_version": 0,
          "attributes": {
            "gateway_id": "",
            "id": "rtbassoc-03ebb134a3a4b563f",
            "route_table_id": "rtb-08524a7759e417323",
            "subnet_id": "subnet-0d9c3abd659a5bb1c"
          },
          "sensitive_attributes": [],
          "private": "bnVsbA==",
          "dependencies": [
            "module.vpc.aws_route_table.public",
            "module.vpc.aws_subnet.public",
            "module.vpc.aws_vpc.this",
            "module.vpc.aws_vpc_ipv4_cidr_block_association.this"
          ]
        },
        {
          "index_key": 1,
          "schema_version": 0,
          "attributes": {
            "gateway_id": "",
            "id": "rtbassoc-0ef8cfefe85f9f665",
            "route_table_id": "rtb-08524a7759e417323",
            "subnet_id": "subnet-04b9291a717f203f8"
          },
          "sensitive_attributes": [],
          "private": "bnVsbA==",
          "dependencies": [
            "module.vpc.aws_route_table.public",
            "module.vpc.aws_subnet.public",
            "module.vpc.aws_vpc.this",
            "module.vpc.aws_vpc_ipv4_cidr_block_association.this"
          ]
        }
      ]
    },
    {
      "module": "module.vpc",
      "mode": "managed",
      "type": "aws_subnet",
      "name": "private",
      "provider": "provider[\"registry.terraform.io/hashicorp/aws\"]",
      "instances": [
        {
          "index_key": 0,
          "schema_version": 1,
          "attributes": {
            "arn": "arn:aws:ec2:ap-south-1:008744601422:subnet/subnet-0568e35a46eaeb75c",
            "assign_ipv6_address_on_creation": false,
            "availability_zone": "ap-south-1a",
            "availability_zone_id": "aps1-az1",
            "cidr_block": "10.0.1.0/24",
            "customer_owned_ipv4_pool": "",
            "enable_dns64": false,
            "enable_resource_name_dns_a_record_on_launch": false,
            "enable_resource_name_dns_aaaa_record_on_launch": false,
            "id": "subnet-0568e35a46eaeb75c",
            "ipv6_cidr_block": "",
            "ipv6_cidr_block_association_id": "",
            "ipv6_native": false,
            "map_customer_owned_ip_on_launch": false,
            "map_public_ip_on_launch": false,
            "outpost_arn": "",
            "owner_id": "008744601422",
            "private_dns_hostname_type_on_launch": "ip-name",
            "tags": {
              "Environment": "dev",
              "Name": "service-b-vpc-private-ap-south-1a"
            },
            "tags_all": {
              "Environment": "dev",
              "Name": "service-b-vpc-private-ap-south-1a"
            },
            "timeouts": null,
            "vpc_id": "vpc-06c5e90f83d6318ce"
          },
          "sensitive_attributes": [],
          "private": "eyJlMmJmYjczMC1lY2FhLTExZTYtOGY4OC0zNDM2M2JjN2M0YzAiOnsiY3JlYXRlIjo2MDAwMDAwMDAwMDAsImRlbGV0ZSI6MTIwMDAwMDAwMDAwMH0sInNjaGVtYV92ZXJzaW9uIjoiMSJ9",
          "dependencies": [
            "module.vpc.aws_vpc.this",
            "module.vpc.aws_vpc_ipv4_cidr_block_association.this"
          ]
        },
        {
          "index_key": 1,
          "schema_version": 1,
          "attributes": {
            "arn": "arn:aws:ec2:ap-south-1:008744601422:subnet/subnet-01583f822e6b9dfe3",
            "assign_ipv6_address_on_creation": false,
            "availability_zone": "ap-south-1b",
            "availability_zone_id": "aps1-az3",
            "cidr_block": "10.0.2.0/24",
            "customer_owned_ipv4_pool": "",
            "enable_dns64": false,
            "enable_resource_name_dns_a_record_on_launch": false,
            "enable_resource_name_dns_aaaa_record_on_launch": false,
            "id": "subnet-01583f822e6b9dfe3",
            "ipv6_cidr_block": "",
            "ipv6_cidr_block_association_id": "",
            "ipv6_native": false,
            "map_customer_owned_ip_on_launch": false,
            "map_public_ip_on_launch": false,
            "outpost_arn": "",
            "owner_id": "008744601422",
            "private_dns_hostname_type_on_launch": "ip-name",
            "tags": {
              "Environment": "dev",
              "Name": "service-b-vpc-private-ap-south-1b"
            },
            "tags_all": {
              "Environment": "dev",
              "Name": "service-b-vpc-private-ap-south-1b"
            },
            "timeouts": null,
            "vpc_id": "vpc-06c5e90f83d6318ce"
          },
          "sensitive_attributes": [],
          "private": "eyJlMmJmYjczMC1lY2FhLTExZTYtOGY4OC0zNDM2M2JjN2M0YzAiOnsiY3JlYXRlIjo2MDAwMDAwMDAwMDAsImRlbGV0ZSI6MTIwMDAwMDAwMDAwMH0sInNjaGVtYV92ZXJzaW9uIjoiMSJ9",
          "dependencies": [
            "module.vpc.aws_vpc.this",
            "module.vpc.aws_vpc_ipv4_cidr_block_association.this"
          ]
        }
      ]
    },
    {
      "module": "module.vpc",
      "mode": "managed",
      "type": "aws_subnet",
      "name": "public",
      "provider": "provider[\"registry.terraform.io/hashicorp/aws\"]",
      "instances": [
        {
          "index_key": 0,
          "schema_version": 1,
          "attributes": {
            "arn": "arn:aws:ec2:ap-south-1:008744601422:subnet/subnet-0d9c3abd659a5bb1c",
            "assign_ipv6_address_on_creation": false,
            "availability_zone": "ap-south-1a",
            "availability_zone_id": "aps1-az1",
            "cidr_block": "10.0.101.0/24",
            "customer_owned_ipv4_pool": "",
            "enable_dns64": false,
            "enable_resource_name_dns_a_record_on_launch": false,
            "enable_resource_name_dns_aaaa_record_on_launch": false,
            "id": "subnet-0d9c3abd659a5bb1c",
            "ipv6_cidr_block": "",
            "ipv6_cidr_block_association_id": "",
            "ipv6_native": false,
            "map_customer_owned_ip_on_launch": false,
            "map_public_ip_on_launch": true,
            "outpost_arn": "",
            "owner_id": "008744601422",
            "private_dns_hostname_type_on_launch": "ip-name",
            "tags": {
              "Environment": "dev",
              "Name": "service-b-vpc-public-ap-south-1a"
            },
            "tags_all": {
              "Environment": "dev",
              "Name": "service-b-vpc-public-ap-south-1a"
            },
            "timeouts": null,
            "vpc_id": "vpc-06c5e90f83d6318ce"
          },
          "sensitive_attributes": [],
          "private": "eyJlMmJmYjczMC1lY2FhLTExZTYtOGY4OC0zNDM2M2JjN2M0YzAiOnsiY3JlYXRlIjo2MDAwMDAwMDAwMDAsImRlbGV0ZSI6MTIwMDAwMDAwMDAwMH0sInNjaGVtYV92ZXJzaW9uIjoiMSJ9",
          "dependencies": [
            "module.vpc.aws_vpc.this",
            "module.vpc.aws_vpc_ipv4_cidr_block_association.this"
          ],
          "create_before_destroy": true
        },
        {
          "index_key": 1,
          "schema_version": 1,
          "attributes": {
            "arn": "arn:aws:ec2:ap-south-1:008744601422:subnet/subnet-04b9291a717f203f8",
            "assign_ipv6_address_on_creation": false,
            "availability_zone": "ap-south-1b",
            "availability_zone_id": "aps1-az3",
            "cidr_block": "10.0.102.0/24",
            "customer_owned_ipv4_pool": "",
            "enable_dns64": false,
            "enable_resource_name_dns_a_record_on_launch": false,
            "enable_resource_name_dns_aaaa_record_on_launch": false,
            "id": "subnet-04b9291a717f203f8",
            "ipv6_cidr_block": "",
            "ipv6_cidr_block_association_id": "",
            "ipv6_native": false,
            "map_customer_owned_ip_on_launch": false,
            "map_public_ip_on_launch": true,
            "outpost_arn": "",
            "owner_id": "008744601422",
            "private_dns_hostname_type_on_launch": "ip-name",
            "tags": {
              "Environment": "dev",
              "Name": "service-b-vpc-public-ap-south-1b"
            },
            "tags_all": {
              "Environment": "dev",
              "Name": "service-b-vpc-public-ap-south-1b"
            },
            "timeouts": null,
            "vpc_id": "vpc-06c5e90f83d6318ce"
          },
          "sensitive_attributes": [],
          "private": "eyJlMmJmYjczMC1lY2FhLTExZTYtOGY4OC0zNDM2M2JjN2M0YzAiOnsiY3JlYXRlIjo2MDAwMDAwMDAwMDAsImRlbGV0ZSI6MTIwMDAwMDAwMDAwMH0sInNjaGVtYV92ZXJzaW9uIjoiMSJ9",
          "dependencies": [
            "module.vpc.aws_vpc.this",
            "module.vpc.aws_vpc_ipv4_cidr_block_association.this"
          ],
          "create_before_destroy": true
        }
      ]
    },
    {
      "module": "module.vpc",
      "mode": "managed",
      "type": "aws_vpc",
      "name": "this",
      "provider": "provider[\"registry.terraform.io/hashicorp/aws\"]",
      "instances": [
        {
          "index_key": 0,
          "schema_version": 1,
          "attributes": {
            "arn": "arn:aws:ec2:ap-south-1:008744601422:vpc/vpc-06c5e90f83d6318ce",
            "assign_generated_ipv6_cidr_block": false,
            "cidr_block": "10.0.0.0/16",
            "default_network_acl_id": "acl-0802109a453897c82",
            "default_route_table_id": "rtb-02b93cd9dd0aad5bc",
            "default_security_group_id": "sg-0915725832d11384e",
            "dhcp_options_id": "dopt-0c551128ae4f108dd",
            "enable_classiclink": false,
            "enable_classiclink_dns_support": false,
            "enable_dns_hostnames": true,
            "enable_dns_support": true,
            "enable_network_address_usage_metrics": false,
            "id": "vpc-06c5e90f83d6318ce",
            "instance_tenancy": "default",
            "ipv4_ipam_pool_id": null,
            "ipv4_netmask_length": null,
            "ipv6_association_id": "",
            "ipv6_cidr_block": "",
            "ipv6_cidr_block_network_border_group": "",
            "ipv6_ipam_pool_id": "",
            "ipv6_netmask_length": 0,
            "main_route_table_id": "rtb-02b93cd9dd0aad5bc",
            "owner_id": "008744601422",
            "tags": {
              "Environment": "dev",
              "Name": "service-b-vpc"
            },
            "tags_all": {
              "Environment": "dev",
              "Name": "service-b-vpc"
            }
          },
          "sensitive_attributes": [],
          "private": "eyJzY2hlbWFfdmVyc2lvbiI6IjEifQ==",
          "create_before_destroy": true
        }
      ]
    }
  ],
  "check_results": null
}
