{
  "version": 4,
  "terraform_version": "1.4.4",
  "serial": 60,
  "lineage": "aa64c9cb-5fb1-1ce0-77f2-c0f51e53ccc3",
  "outputs": {},
  "resources": [
    {
      "mode": "managed",
      "type": "aws_apigatewayv2_api",
      "name": "api_gw",
      "provider": "provider[\"registry.terraform.io/hashicorp/aws\"]",
      "instances": [
        {
          "schema_version": 0,
          "attributes": {
            "api_endpoint": "https://sismap5j40.execute-api.ap-south-1.amazonaws.com",
            "api_key_selection_expression": "$request.header.x-api-key",
            "arn": "arn:aws:apigateway:ap-south-1::/apis/sismap5j40",
            "body": null,
            "cors_configuration": [],
            "credentials_arn": null,
            "description": "",
            "disable_execute_api_endpoint": false,
            "execution_arn": "arn:aws:execute-api:ap-south-1:008744601422:sismap5j40",
            "fail_on_warnings": null,
            "id": "sismap5j40",
            "name": "core-service-apigw",
            "protocol_type": "HTTP",
            "route_key": null,
            "route_selection_expression": "$request.method $request.path",
            "tags": {},
            "tags_all": {},
            "target": null,
            "version": ""
          },
          "sensitive_attributes": [],
          "private": "bnVsbA=="
        }
      ]
    },
    {
      "mode": "managed",
      "type": "aws_apigatewayv2_authorizer",
      "name": "jwt_auth",
      "provider": "provider[\"registry.terraform.io/hashicorp/aws\"]",
      "instances": [
        {
          "schema_version": 0,
          "attributes": {
            "api_id": "sismap5j40",
            "authorizer_credentials_arn": "",
            "authorizer_payload_format_version": "",
            "authorizer_result_ttl_in_seconds": 0,
            "authorizer_type": "JWT",
            "authorizer_uri": "",
            "enable_simple_responses": false,
            "id": "6cbzek",
            "identity_sources": [
              "$request.header.Authorization"
            ],
            "jwt_configuration": [
              {
                "audience": [
                  "62s7pn8n241k1dnac9c94vga60"
                ],
                "issuer": "https://cognito-idp.ap-south-1.amazonaws.com/ap-south-1_PjzxbH0Sm"
              }
            ],
            "name": "jwt-authorizer"
          },
          "sensitive_attributes": [],
          "private": "bnVsbA==",
          "dependencies": [
            "aws_apigatewayv2_api.api_gw",
            "module.core-service.aws_cognito_resource_server.resource",
            "module.core-service.aws_cognito_user_pool.pool",
            "module.core-service.aws_cognito_user_pool_client.user_pool_client"
          ]
        }
      ]
    },
    {
      "mode": "managed",
      "type": "aws_apigatewayv2_integration",
      "name": "alb_integrations",
      "provider": "provider[\"registry.terraform.io/hashicorp/aws\"]",
      "instances": [
        {
          "schema_version": 0,
          "attributes": {
            "api_id": "sismap5j40",
            "connection_id": "s5eqx9",
            "connection_type": "VPC_LINK",
            "content_handling_strategy": "",
            "credentials_arn": "",
            "description": "",
            "id": "13fax3s",
            "integration_method": "ANY",
            "integration_response_selection_expression": "",
            "integration_subtype": "",
            "integration_type": "HTTP_PROXY",
            "integration_uri": "arn:aws:elasticloadbalancing:ap-south-1:008744601422:listener/app/core-service-LB/5f6b29d85d0ac981/394615299df3424f",
            "passthrough_behavior": "",
            "payload_format_version": "1.0",
            "request_parameters": {},
            "request_templates": {},
            "response_parameters": [],
            "template_selection_expression": "",
            "timeout_milliseconds": 30000,
            "tls_config": []
          },
          "sensitive_attributes": [],
          "private": "bnVsbA==",
          "dependencies": [
            "aws_apigatewayv2_api.api_gw",
            "aws_apigatewayv2_vpc_link.vpc_link",
            "aws_security_group.gateway_vpc_link_sg",
            "module.core-service.aws_security_group.alb_sg",
            "module.core-service.module.alb.aws_lb.this",
            "module.core-service.module.alb.aws_lb_listener.frontend_http_tcp",
            "module.core-service.module.alb.aws_lb_target_group.main",
            "module.core-service.module.order_service_lambda_alias.aws_lambda_alias.no_refresh",
            "module.core-service.module.order_service_lambda_alias.aws_lambda_alias.with_refresh",
            "module.core-service.module.order_service_lambda_alias.data.aws_lambda_alias.existing",
            "module.core-service.module.vpc.aws_subnet.private",
            "module.core-service.module.vpc.aws_vpc.this"
          ]
        }
      ]
    },
    {
      "mode": "managed",
      "type": "aws_apigatewayv2_route",
      "name": "gateway_service_a_route",
      "provider": "provider[\"registry.terraform.io/hashicorp/aws\"]",
      "instances": [
        {
          "schema_version": 0,
          "attributes": {
            "api_id": "sismap5j40",
            "api_key_required": false,
            "authorization_scopes": [],
            "authorization_type": "JWT",
            "authorizer_id": "6cbzek",
            "id": "ki9wy5e",
            "model_selection_expression": "",
            "operation_name": "",
            "request_models": {},
            "request_parameter": [],
            "route_key": "ANY /{proxy+}",
            "route_response_selection_expression": "",
            "target": "integrations/13fax3s"
          },
          "sensitive_attributes": [],
          "private": "bnVsbA==",
          "dependencies": [
            "aws_apigatewayv2_api.api_gw",
            "aws_apigatewayv2_authorizer.jwt_auth",
            "aws_apigatewayv2_integration.alb_integrations",
            "aws_apigatewayv2_vpc_link.vpc_link",
            "aws_security_group.gateway_vpc_link_sg",
            "module.core-service.aws_cognito_resource_server.resource",
            "module.core-service.aws_cognito_user_pool.pool",
            "module.core-service.aws_cognito_user_pool_client.user_pool_client",
            "module.core-service.aws_security_group.alb_sg",
            "module.core-service.module.alb.aws_lb.this",
            "module.core-service.module.alb.aws_lb_listener.frontend_http_tcp",
            "module.core-service.module.alb.aws_lb_target_group.main",
            "module.core-service.module.order_service_lambda.aws_cloudwatch_log_group.lambda",
            "module.core-service.module.order_service_lambda.aws_iam_policy.additional_inline",
            "module.core-service.module.order_service_lambda.aws_iam_policy.additional_json",
            "module.core-service.module.order_service_lambda.aws_iam_policy.additional_jsons",
            "module.core-service.module.order_service_lambda.aws_iam_policy.async",
            "module.core-service.module.order_service_lambda.aws_iam_policy.dead_letter",
            "module.core-service.module.order_service_lambda.aws_iam_policy.logs",
            "module.core-service.module.order_service_lambda.aws_iam_policy.tracing",
            "module.core-service.module.order_service_lambda.aws_iam_policy.vpc",
            "module.core-service.module.order_service_lambda.aws_iam_role.lambda",
            "module.core-service.module.order_service_lambda.aws_iam_role_policy_attachment.additional_inline",
            "module.core-service.module.order_service_lambda.aws_iam_role_policy_attachment.additional_json",
            "module.core-service.module.order_service_lambda.aws_iam_role_policy_attachment.additional_jsons",
            "module.core-service.module.order_service_lambda.aws_iam_role_policy_attachment.additional_many",
            "module.core-service.module.order_service_lambda.aws_iam_role_policy_attachment.additional_one",
            "module.core-service.module.order_service_lambda.aws_iam_role_policy_attachment.async",
            "module.core-service.module.order_service_lambda.aws_iam_role_policy_attachment.dead_letter",
            "module.core-service.module.order_service_lambda.aws_iam_role_policy_attachment.logs",
            "module.core-service.module.order_service_lambda.aws_iam_role_policy_attachment.tracing",
            "module.core-service.module.order_service_lambda.aws_iam_role_policy_attachment.vpc",
            "module.core-service.module.order_service_lambda.aws_lambda_function.this",
            "module.core-service.module.order_service_lambda.aws_s3_object.lambda_package",
            "module.core-service.module.order_service_lambda.data.aws_arn.log_group_arn",
            "module.core-service.module.order_service_lambda.data.aws_cloudwatch_log_group.lambda",
            "module.core-service.module.order_service_lambda.data.aws_iam_policy.tracing",
            "module.core-service.module.order_service_lambda.data.aws_iam_policy.vpc",
            "module.core-service.module.order_service_lambda.data.aws_iam_policy_document.additional_inline",
            "module.core-service.module.order_service_lambda.data.aws_iam_policy_document.assume_role",
            "module.core-service.module.order_service_lambda.data.aws_iam_policy_document.async",
            "module.core-service.module.order_service_lambda.data.aws_iam_policy_document.dead_letter",
            "module.core-service.module.order_service_lambda.data.aws_iam_policy_document.logs",
            "module.core-service.module.order_service_lambda.data.aws_partition.current",
            "module.core-service.module.order_service_lambda.data.external.archive_prepare",
            "module.core-service.module.order_service_lambda.local_file.archive_plan",
            "module.core-service.module.order_service_lambda.null_resource.archive",
            "module.core-service.module.order_service_lambda_alias.aws_lambda_alias.no_refresh",
            "module.core-service.module.order_service_lambda_alias.aws_lambda_alias.with_refresh",
            "module.core-service.module.order_service_lambda_alias.data.aws_lambda_alias.existing",
            "module.core-service.module.vpc.aws_subnet.private",
            "module.core-service.module.vpc.aws_vpc.this",
            "module.core-service.module.vpc.aws_vpc_ipv4_cidr_block_association.this"
          ]
        }
      ]
    },
    {
      "mode": "managed",
      "type": "aws_apigatewayv2_stage",
      "name": "apigw_stage",
      "provider": "provider[\"registry.terraform.io/hashicorp/aws\"]",
      "instances": [
        {
          "schema_version": 0,
          "attributes": {
            "access_log_settings": [],
            "api_id": "sismap5j40",
            "arn": "arn:aws:apigateway:ap-south-1::/apis/sismap5j40/stages/api",
            "auto_deploy": true,
            "client_certificate_id": "",
            "default_route_settings": [
              {
                "data_trace_enabled": false,
                "detailed_metrics_enabled": false,
                "logging_level": "",
                "throttling_burst_limit": 0,
                "throttling_rate_limit": 0
              }
            ],
            "deployment_id": "esvsor",
            "description": "",
            "execution_arn": "arn:aws:execute-api:ap-south-1:008744601422:sismap5j40/api",
            "id": "api",
            "invoke_url": "https://sismap5j40.execute-api.ap-south-1.amazonaws.com/api",
            "name": "api",
            "route_settings": [],
            "stage_variables": {},
            "tags": {},
            "tags_all": {}
          },
          "sensitive_attributes": [],
          "private": "bnVsbA==",
          "dependencies": [
            "aws_apigatewayv2_api.api_gw"
          ]
        }
      ]
    },
    {
      "mode": "managed",
      "type": "aws_apigatewayv2_vpc_link",
      "name": "vpc_link",
      "provider": "provider[\"registry.terraform.io/hashicorp/aws\"]",
      "instances": [
        {
          "schema_version": 0,
          "attributes": {
            "arn": "arn:aws:apigateway:ap-south-1::/vpclinks/s5eqx9",
            "id": "s5eqx9",
            "name": "core-service-gateway-vpc-link",
            "security_group_ids": [
              "sg-07a5205f7d33a8080"
            ],
            "subnet_ids": [
              "subnet-081e40c267201d6ad",
              "subnet-09d8a796be5e22779"
            ],
            "tags": {
              "environment": "dev",
              "scenario": "1",
              "terraform": "true"
            },
            "tags_all": {
              "environment": "dev",
              "scenario": "1",
              "terraform": "true"
            }
          },
          "sensitive_attributes": [],
          "private": "bnVsbA==",
          "dependencies": [
            "aws_security_group.gateway_vpc_link_sg",
            "module.core-service.module.vpc.aws_subnet.private",
            "module.core-service.module.vpc.aws_vpc.this"
          ]
        }
      ]
    },
    {
      "mode": "managed",
      "type": "aws_security_group",
      "name": "gateway_vpc_link_sg",
      "provider": "provider[\"registry.terraform.io/hashicorp/aws\"]",
      "instances": [
        {
          "schema_version": 1,
          "attributes": {
            "arn": "arn:aws:ec2:ap-south-1:008744601422:security-group/sg-07a5205f7d33a8080",
            "description": "gateway_vpc_link_sg",
            "egress": [
              {
                "cidr_blocks": [
                  "0.0.0.0/0"
                ],
                "description": "Allow all",
                "from_port": 0,
                "ipv6_cidr_blocks": [],
                "prefix_list_ids": [],
                "protocol": "-1",
                "security_groups": [],
                "self": false,
                "to_port": 0
              }
            ],
            "id": "sg-07a5205f7d33a8080",
            "ingress": [
              {
                "cidr_blocks": [
                  "0.0.0.0/0"
                ],
                "description": "Allow all",
                "from_port": 0,
                "ipv6_cidr_blocks": [],
                "prefix_list_ids": [],
                "protocol": "-1",
                "security_groups": [],
                "self": false,
                "to_port": 0
              }
            ],
            "name": "gateway_vpc_link_sg",
            "name_prefix": "",
            "owner_id": "008744601422",
            "revoke_rules_on_delete": false,
            "tags": {
              "environment": "dev",
              "scenario": "1",
              "terraform": "true"
            },
            "tags_all": {
              "environment": "dev",
              "scenario": "1",
              "terraform": "true"
            },
            "timeouts": null,
            "vpc_id": "vpc-00aec6b78339daab8"
          },
          "sensitive_attributes": [],
          "private": "eyJlMmJmYjczMC1lY2FhLTExZTYtOGY4OC0zNDM2M2JjN2M0YzAiOnsiY3JlYXRlIjo2MDAwMDAwMDAwMDAsImRlbGV0ZSI6OTAwMDAwMDAwMDAwfSwic2NoZW1hX3ZlcnNpb24iOiIxIn0=",
          "dependencies": [
            "module.core-service.module.vpc.aws_vpc.this"
          ]
        }
      ]
    },
    {
      "module": "module.core-service",
      "mode": "managed",
      "type": "aws_cloudwatch_log_group",
      "name": "this",
      "provider": "module.core-service.provider[\"registry.terraform.io/hashicorp/aws\"]",
      "instances": [
        {
          "schema_version": 0,
          "attributes": {
            "arn": "arn:aws:logs:ap-south-1:008744601422:log-group:core-service",
            "id": "core-service",
            "kms_key_id": "",
            "name": "core-service",
            "name_prefix": "",
            "retention_in_days": 0,
            "skip_destroy": false,
            "tags": {
              "environment": "dev",
              "terraform": "true"
            },
            "tags_all": {
              "environment": "dev",
              "terraform": "true"
            }
          },
          "sensitive_attributes": [],
          "private": "bnVsbA=="
        }
      ]
    },
    {
      "module": "module.core-service",
      "mode": "managed",
      "type": "aws_cognito_resource_server",
      "name": "resource",
      "provider": "module.core-service.provider[\"registry.terraform.io/hashicorp/aws\"]",
      "instances": [
        {
          "schema_version": 0,
          "attributes": {
            "id": "ap-south-1_PjzxbH0Sm|https://core-service.com",
            "identifier": "https://core-service.com",
            "name": "core-service-resource-server",
            "scope": [
              {
                "scope_description": "Read access for order service",
                "scope_name": "order:read"
              }
            ],
            "scope_identifiers": [
              "https://core-service.com/order:read"
            ],
            "user_pool_id": "ap-south-1_PjzxbH0Sm"
          },
          "sensitive_attributes": [],
          "private": "bnVsbA==",
          "dependencies": [
            "module.core-service.aws_cognito_user_pool.pool"
          ]
        }
      ]
    },
    {
      "module": "module.core-service",
      "mode": "managed",
      "type": "aws_cognito_user_pool",
      "name": "pool",
      "provider": "module.core-service.provider[\"registry.terraform.io/hashicorp/aws\"]",
      "instances": [
        {
          "schema_version": 0,
          "attributes": {
            "account_recovery_setting": [
              {
                "recovery_mechanism": [
                  {
                    "name": "verified_email",
                    "priority": 1
                  },
                  {
                    "name": "verified_phone_number",
                    "priority": 2
                  }
                ]
              }
            ],
            "admin_create_user_config": [
              {
                "allow_admin_create_user_only": false,
                "invite_message_template": []
              }
            ],
            "alias_attributes": null,
            "arn": "arn:aws:cognito-idp:ap-south-1:008744601422:userpool/ap-south-1_PjzxbH0Sm",
            "auto_verified_attributes": [],
            "creation_date": "2023-04-26T07:30:51Z",
            "custom_domain": "",
            "deletion_protection": "INACTIVE",
            "device_configuration": [],
            "domain": "core-service-sso",
            "email_configuration": [
              {
                "configuration_set": "",
                "email_sending_account": "COGNITO_DEFAULT",
                "from_email_address": "",
                "reply_to_email_address": "",
                "source_arn": ""
              }
            ],
            "email_verification_message": "",
            "email_verification_subject": "",
            "endpoint": "cognito-idp.ap-south-1.amazonaws.com/ap-south-1_PjzxbH0Sm",
            "estimated_number_of_users": 0,
            "id": "ap-south-1_PjzxbH0Sm",
            "lambda_config": [],
            "last_modified_date": "2023-04-26T07:30:51Z",
            "mfa_configuration": "OFF",
            "name": "core-service-user-pool",
            "password_policy": [
              {
                "minimum_length": 8,
                "require_lowercase": true,
                "require_numbers": true,
                "require_symbols": true,
                "require_uppercase": true,
                "temporary_password_validity_days": 7
              }
            ],
            "schema": [],
            "sms_authentication_message": "",
            "sms_configuration": [],
            "sms_verification_message": "",
            "software_token_mfa_configuration": [],
            "tags": {},
            "tags_all": {},
            "user_attribute_update_settings": [],
            "user_pool_add_ons": [],
            "username_attributes": [],
            "username_configuration": [],
            "verification_message_template": [
              {
                "default_email_option": "CONFIRM_WITH_CODE",
                "email_message": "",
                "email_message_by_link": "",
                "email_subject": "",
                "email_subject_by_link": "",
                "sms_message": ""
              }
            ]
          },
          "sensitive_attributes": [],
          "private": "bnVsbA=="
        }
      ]
    },
    {
      "module": "module.core-service",
      "mode": "managed",
      "type": "aws_cognito_user_pool_client",
      "name": "user_pool_client",
      "provider": "module.core-service.provider[\"registry.terraform.io/hashicorp/aws\"]",
      "instances": [
        {
          "schema_version": 0,
          "attributes": {
            "access_token_validity": 0,
            "allowed_oauth_flows": [
              "client_credentials"
            ],
            "allowed_oauth_flows_user_pool_client": true,
            "allowed_oauth_scopes": [
              "https://core-service.com/order:read"
            ],
            "analytics_configuration": [],
            "auth_session_validity": 3,
            "callback_urls": [],
            "client_secret": "1tfbe62kmkb5eghlsuqds1ar8tu7lor3io2mqu0itpp5o3en157e",
            "default_redirect_uri": "",
            "enable_propagate_additional_user_context_data": false,
            "enable_token_revocation": true,
            "explicit_auth_flows": [],
            "generate_secret": true,
            "id": "62s7pn8n241k1dnac9c94vga60",
            "id_token_validity": 0,
            "logout_urls": [],
            "name": "core-service-user-pool-client",
            "prevent_user_existence_errors": "",
            "read_attributes": [],
            "refresh_token_validity": 30,
            "supported_identity_providers": [],
            "token_validity_units": [],
            "user_pool_id": "ap-south-1_PjzxbH0Sm",
            "write_attributes": []
          },
          "sensitive_attributes": [],
          "dependencies": [
            "module.core-service.aws_cognito_resource_server.resource",
            "module.core-service.aws_cognito_user_pool.pool"
          ]
        }
      ]
    },
    {
      "module": "module.core-service",
      "mode": "managed",
      "type": "aws_cognito_user_pool_domain",
      "name": "pool_domain",
      "provider": "module.core-service.provider[\"registry.terraform.io/hashicorp/aws\"]",
      "instances": [
        {
          "schema_version": 0,
          "attributes": {
            "aws_account_id": "008744601422",
            "certificate_arn": "",
            "cloudfront_distribution": "d19bnlz1qkpkne.cloudfront.net",
            "cloudfront_distribution_arn": "d19bnlz1qkpkne.cloudfront.net",
            "cloudfront_distribution_zone_id": "Z2FDTNDATAQYW2",
            "domain": "core-service-sso",
            "id": "core-service-sso",
            "s3_bucket": "aws-cognito-prod-bom-assets",
            "user_pool_id": "ap-south-1_PjzxbH0Sm",
            "version": "20230426073053"
          },
          "sensitive_attributes": [],
          "private": "bnVsbA==",
          "dependencies": [
            "module.core-service.aws_cognito_user_pool.pool"
          ]
        }
      ]
    },
    {
      "module": "module.core-service",
      "mode": "managed",
      "type": "aws_s3_bucket",
      "name": "log_bucket",
      "provider": "module.core-service.provider[\"registry.terraform.io/hashicorp/aws\"]",
      "instances": [
        {
          "schema_version": 0,
          "attributes": {
            "acceleration_status": "",
            "acl": null,
            "arn": "arn:aws:s3:::core-service-log-bucket",
            "bucket": "core-service-log-bucket",
            "bucket_domain_name": "core-service-log-bucket.s3.amazonaws.com",
            "bucket_prefix": "",
            "bucket_regional_domain_name": "core-service-log-bucket.s3.ap-south-1.amazonaws.com",
            "cors_rule": [],
            "force_destroy": false,
            "grant": [
              {
                "id": "72d08edc6ed8f96e97047769bc941bd1f47cd68e99e5f097cd0cdadf1d3c30f4",
                "permissions": [
                  "FULL_CONTROL"
                ],
                "type": "CanonicalUser",
                "uri": ""
              }
            ],
            "hosted_zone_id": "Z11RGJOFQNVJUP",
            "id": "core-service-log-bucket",
            "lifecycle_rule": [],
            "logging": [],
            "object_lock_configuration": [],
            "object_lock_enabled": false,
            "policy": "",
            "region": "ap-south-1",
            "replication_configuration": [],
            "request_payer": "BucketOwner",
            "server_side_encryption_configuration": [
              {
                "rule": [
                  {
                    "apply_server_side_encryption_by_default": [
                      {
                        "kms_master_key_id": "",
                        "sse_algorithm": "AES256"
                      }
                    ],
                    "bucket_key_enabled": false
                  }
                ]
              }
            ],
            "tags": {
              "environment": "dev",
              "terraform": "true"
            },
            "tags_all": {
              "environment": "dev",
              "terraform": "true"
            },
            "timeouts": null,
            "versioning": [
              {
                "enabled": false,
                "mfa_delete": false
              }
            ],
            "website": [],
            "website_domain": null,
            "website_endpoint": null
          },
          "sensitive_attributes": [],
          "private": "eyJlMmJmYjczMC1lY2FhLTExZTYtOGY4OC0zNDM2M2JjN2M0YzAiOnsiY3JlYXRlIjoxMjAwMDAwMDAwMDAwLCJkZWxldGUiOjM2MDAwMDAwMDAwMDAsInJlYWQiOjEyMDAwMDAwMDAwMDAsInVwZGF0ZSI6MTIwMDAwMDAwMDAwMH19"
        }
      ]
    },
    {
      "module": "module.core-service",
      "mode": "managed",
      "type": "aws_security_group",
      "name": "alb_sg",
      "provider": "module.core-service.provider[\"registry.terraform.io/hashicorp/aws\"]",
      "instances": [
        {
          "schema_version": 1,
          "attributes": {
            "arn": "arn:aws:ec2:ap-south-1:008744601422:security-group/sg-0869e3bbc1633bcfc",
            "description": "ALB SG",
            "egress": [
              {
                "cidr_blocks": [
                  "0.0.0.0/0"
                ],
                "description": "Allow all to VPC",
                "from_port": 0,
                "ipv6_cidr_blocks": [],
                "prefix_list_ids": [],
                "protocol": "-1",
                "security_groups": [],
                "self": false,
                "to_port": 0
              }
            ],
            "id": "sg-0869e3bbc1633bcfc",
            "ingress": [
              {
                "cidr_blocks": [
                  "0.0.0.0/0"
                ],
                "description": "Allow all from VPC",
                "from_port": 0,
                "ipv6_cidr_blocks": [],
                "prefix_list_ids": [],
                "protocol": "-1",
                "security_groups": [],
                "self": false,
                "to_port": 0
              }
            ],
            "name": "core-service-alb_sg",
            "name_prefix": "",
            "owner_id": "008744601422",
            "revoke_rules_on_delete": false,
            "tags": {
              "environment": "dev",
              "terraform": "true"
            },
            "tags_all": {
              "environment": "dev",
              "terraform": "true"
            },
            "timeouts": null,
            "vpc_id": "vpc-00aec6b78339daab8"
          },
          "sensitive_attributes": [],
          "private": "eyJlMmJmYjczMC1lY2FhLTExZTYtOGY4OC0zNDM2M2JjN2M0YzAiOnsiY3JlYXRlIjo2MDAwMDAwMDAwMDAsImRlbGV0ZSI6OTAwMDAwMDAwMDAwfSwic2NoZW1hX3ZlcnNpb24iOiIxIn0=",
          "dependencies": [
            "module.core-service.module.vpc.aws_vpc.this"
          ]
        }
      ]
    },
    {
      "module": "module.core-service",
      "mode": "managed",
      "type": "aws_security_group",
      "name": "bastion_sg",
      "provider": "module.core-service.provider[\"registry.terraform.io/hashicorp/aws\"]",
      "instances": [
        {
          "schema_version": 1,
          "attributes": {
            "arn": "arn:aws:ec2:ap-south-1:008744601422:security-group/sg-00c53c0eb4bd8c1ac",
            "description": "Bastion SG",
            "egress": [
              {
                "cidr_blocks": [
                  "0.0.0.0/0"
                ],
                "description": "Allow all to VPC",
                "from_port": 0,
                "ipv6_cidr_blocks": [],
                "prefix_list_ids": [],
                "protocol": "-1",
                "security_groups": [],
                "self": false,
                "to_port": 0
              }
            ],
            "id": "sg-00c53c0eb4bd8c1ac",
            "ingress": [
              {
                "cidr_blocks": [
                  "0.0.0.0/0"
                ],
                "description": "Allow all from VPC",
                "from_port": 0,
                "ipv6_cidr_blocks": [],
                "prefix_list_ids": [],
                "protocol": "-1",
                "security_groups": [],
                "self": false,
                "to_port": 0
              }
            ],
            "name": "bastion_sg",
            "name_prefix": "",
            "owner_id": "008744601422",
            "revoke_rules_on_delete": false,
            "tags": {
              "environment": "dev",
              "terraform": "true"
            },
            "tags_all": {
              "environment": "dev",
              "terraform": "true"
            },
            "timeouts": null,
            "vpc_id": "vpc-00aec6b78339daab8"
          },
          "sensitive_attributes": [],
          "private": "eyJlMmJmYjczMC1lY2FhLTExZTYtOGY4OC0zNDM2M2JjN2M0YzAiOnsiY3JlYXRlIjo2MDAwMDAwMDAwMDAsImRlbGV0ZSI6OTAwMDAwMDAwMDAwfSwic2NoZW1hX3ZlcnNpb24iOiIxIn0=",
          "dependencies": [
            "module.core-service.module.vpc.aws_vpc.this"
          ]
        }
      ]
    },
    {
      "module": "module.core-service.module.alb",
      "mode": "managed",
      "type": "aws_lb",
      "name": "this",
      "provider": "module.core-service.provider[\"registry.terraform.io/hashicorp/aws\"]",
      "instances": [
        {
          "index_key": 0,
          "schema_version": 0,
          "attributes": {
            "access_logs": [
              {
                "bucket": "",
                "enabled": false,
                "prefix": ""
              }
            ],
            "arn": "arn:aws:elasticloadbalancing:ap-south-1:008744601422:loadbalancer/app/core-service-LB/5f6b29d85d0ac981",
            "arn_suffix": "app/core-service-LB/5f6b29d85d0ac981",
            "customer_owned_ipv4_pool": "",
            "desync_mitigation_mode": "defensive",
            "dns_name": "internal-core-service-LB-244975976.ap-south-1.elb.amazonaws.com",
            "drop_invalid_header_fields": false,
            "enable_cross_zone_load_balancing": true,
            "enable_deletion_protection": false,
            "enable_http2": true,
            "enable_tls_version_and_cipher_suite_headers": false,
            "enable_waf_fail_open": false,
            "enable_xff_client_port": false,
            "id": "arn:aws:elasticloadbalancing:ap-south-1:008744601422:loadbalancer/app/core-service-LB/5f6b29d85d0ac981",
            "idle_timeout": 60,
            "internal": true,
            "ip_address_type": "ipv4",
            "load_balancer_type": "application",
            "name": "core-service-LB",
            "name_prefix": null,
            "preserve_host_header": false,
            "security_groups": [
              "sg-0869e3bbc1633bcfc"
            ],
            "subnet_mapping": [
              {
                "allocation_id": "",
                "ipv6_address": "",
                "outpost_id": "",
                "private_ipv4_address": "",
                "subnet_id": "subnet-081e40c267201d6ad"
              },
              {
                "allocation_id": "",
                "ipv6_address": "",
                "outpost_id": "",
                "private_ipv4_address": "",
                "subnet_id": "subnet-09d8a796be5e22779"
              }
            ],
            "subnets": [
              "subnet-081e40c267201d6ad",
              "subnet-09d8a796be5e22779"
            ],
            "tags": {
              "Name": "core-service-LB",
              "environment": "dev",
              "terraform": "true"
            },
            "tags_all": {
              "Name": "core-service-LB",
              "environment": "dev",
              "terraform": "true"
            },
            "timeouts": {
              "create": "10m",
              "delete": "10m",
              "update": "10m"
            },
            "vpc_id": "vpc-00aec6b78339daab8",
            "xff_header_processing_mode": "append",
            "zone_id": "ZP97RAFLXTNZK"
          },
          "sensitive_attributes": [],
          "private": "eyJlMmJmYjczMC1lY2FhLTExZTYtOGY4OC0zNDM2M2JjN2M0YzAiOnsiY3JlYXRlIjo2MDAwMDAwMDAwMDAsImRlbGV0ZSI6NjAwMDAwMDAwMDAwLCJ1cGRhdGUiOjYwMDAwMDAwMDAwMH19",
          "dependencies": [
            "module.core-service.aws_security_group.alb_sg",
            "module.core-service.module.vpc.aws_subnet.private",
            "module.core-service.module.vpc.aws_vpc.this"
          ]
        }
      ]
    },
    {
      "module": "module.core-service.module.alb",
      "mode": "managed",
      "type": "aws_lb_listener",
      "name": "frontend_http_tcp",
      "provider": "module.core-service.provider[\"registry.terraform.io/hashicorp/aws\"]",
      "instances": [
        {
          "index_key": 0,
          "schema_version": 0,
          "attributes": {
            "alpn_policy": null,
            "arn": "arn:aws:elasticloadbalancing:ap-south-1:008744601422:listener/app/core-service-LB/5f6b29d85d0ac981/394615299df3424f",
            "certificate_arn": null,
            "default_action": [
              {
                "authenticate_cognito": [],
                "authenticate_oidc": [],
                "fixed_response": [],
                "forward": [],
                "order": 1,
                "redirect": [],
                "target_group_arn": "arn:aws:elasticloadbalancing:ap-south-1:008744601422:targetgroup/tf-20230426073321229800000003/4348c92c80294e61",
                "type": "forward"
              }
            ],
            "id": "arn:aws:elasticloadbalancing:ap-south-1:008744601422:listener/app/core-service-LB/5f6b29d85d0ac981/394615299df3424f",
            "load_balancer_arn": "arn:aws:elasticloadbalancing:ap-south-1:008744601422:loadbalancer/app/core-service-LB/5f6b29d85d0ac981",
            "port": 80,
            "protocol": "HTTP",
            "ssl_policy": "",
            "tags": {
              "environment": "dev",
              "terraform": "true"
            },
            "tags_all": {
              "environment": "dev",
              "terraform": "true"
            },
            "timeouts": null
          },
          "sensitive_attributes": [],
          "private": "eyJlMmJmYjczMC1lY2FhLTExZTYtOGY4OC0zNDM2M2JjN2M0YzAiOnsicmVhZCI6NjAwMDAwMDAwMDAwfX0=",
          "dependencies": [
            "module.core-service.aws_security_group.alb_sg",
            "module.core-service.module.alb.aws_lb.this",
            "module.core-service.module.alb.aws_lb_target_group.main",
            "module.core-service.module.order_service_lambda_alias.aws_lambda_alias.no_refresh",
            "module.core-service.module.order_service_lambda_alias.aws_lambda_alias.with_refresh",
            "module.core-service.module.order_service_lambda_alias.data.aws_lambda_alias.existing",
            "module.core-service.module.vpc.aws_subnet.private",
            "module.core-service.module.vpc.aws_vpc.this"
          ]
        }
      ]
    },
    {
      "module": "module.core-service.module.alb",
      "mode": "managed",
      "type": "aws_lb_target_group",
      "name": "main",
      "provider": "module.core-service.provider[\"registry.terraform.io/hashicorp/aws\"]",
      "instances": [
        {
          "index_key": 0,
          "schema_version": 0,
          "attributes": {
            "arn": "arn:aws:elasticloadbalancing:ap-south-1:008744601422:targetgroup/tf-20230426073321229800000003/4348c92c80294e61",
            "arn_suffix": "targetgroup/tf-20230426073321229800000003/4348c92c80294e61",
            "connection_termination": false,
            "deregistration_delay": "300",
            "health_check": [
              {
                "enabled": false,
                "healthy_threshold": 5,
                "interval": 35,
                "matcher": "200",
                "path": "/",
                "port": "",
                "protocol": "",
                "timeout": 30,
                "unhealthy_threshold": 2
              }
            ],
            "id": "arn:aws:elasticloadbalancing:ap-south-1:008744601422:targetgroup/tf-20230426073321229800000003/4348c92c80294e61",
            "ip_address_type": "ipv4",
            "lambda_multi_value_headers_enabled": false,
            "load_balancing_algorithm_type": null,
            "load_balancing_cross_zone_enabled": null,
            "name": "tf-20230426073321229800000003",
            "name_prefix": null,
            "port": null,
            "preserve_client_ip": null,
            "protocol": null,
            "protocol_version": null,
            "proxy_protocol_v2": false,
            "slow_start": 0,
            "stickiness": [
              {
                "cookie_duration": null,
                "cookie_name": null,
                "enabled": null,
                "type": null
              }
            ],
            "tags": {
              "Name": "",
              "environment": "dev",
              "terraform": "true"
            },
            "tags_all": {
              "Name": "",
              "environment": "dev",
              "terraform": "true"
            },
            "target_failover": [
              {
                "on_deregistration": null,
                "on_unhealthy": null
              }
            ],
            "target_type": "lambda",
            "vpc_id": "vpc-00aec6b78339daab8"
          },
          "sensitive_attributes": [],
          "private": "bnVsbA==",
          "dependencies": [
            "module.core-service.aws_security_group.alb_sg",
            "module.core-service.module.alb.aws_lb.this",
            "module.core-service.module.order_service_lambda.aws_cloudwatch_log_group.lambda",
            "module.core-service.module.order_service_lambda.aws_iam_policy.additional_inline",
            "module.core-service.module.order_service_lambda.aws_iam_policy.additional_json",
            "module.core-service.module.order_service_lambda.aws_iam_policy.additional_jsons",
            "module.core-service.module.order_service_lambda.aws_iam_policy.async",
            "module.core-service.module.order_service_lambda.aws_iam_policy.dead_letter",
            "module.core-service.module.order_service_lambda.aws_iam_policy.logs",
            "module.core-service.module.order_service_lambda.aws_iam_policy.tracing",
            "module.core-service.module.order_service_lambda.aws_iam_policy.vpc",
            "module.core-service.module.order_service_lambda.aws_iam_role.lambda",
            "module.core-service.module.order_service_lambda.aws_iam_role_policy_attachment.additional_inline",
            "module.core-service.module.order_service_lambda.aws_iam_role_policy_attachment.additional_json",
            "module.core-service.module.order_service_lambda.aws_iam_role_policy_attachment.additional_jsons",
            "module.core-service.module.order_service_lambda.aws_iam_role_policy_attachment.additional_many",
            "module.core-service.module.order_service_lambda.aws_iam_role_policy_attachment.additional_one",
            "module.core-service.module.order_service_lambda.aws_iam_role_policy_attachment.async",
            "module.core-service.module.order_service_lambda.aws_iam_role_policy_attachment.dead_letter",
            "module.core-service.module.order_service_lambda.aws_iam_role_policy_attachment.logs",
            "module.core-service.module.order_service_lambda.aws_iam_role_policy_attachment.tracing",
            "module.core-service.module.order_service_lambda.aws_iam_role_policy_attachment.vpc",
            "module.core-service.module.order_service_lambda.aws_lambda_function.this",
            "module.core-service.module.order_service_lambda.aws_s3_object.lambda_package",
            "module.core-service.module.order_service_lambda.data.aws_arn.log_group_arn",
            "module.core-service.module.order_service_lambda.data.aws_cloudwatch_log_group.lambda",
            "module.core-service.module.order_service_lambda.data.aws_iam_policy.tracing",
            "module.core-service.module.order_service_lambda.data.aws_iam_policy.vpc",
            "module.core-service.module.order_service_lambda.data.aws_iam_policy_document.additional_inline",
            "module.core-service.module.order_service_lambda.data.aws_iam_policy_document.assume_role",
            "module.core-service.module.order_service_lambda.data.aws_iam_policy_document.async",
            "module.core-service.module.order_service_lambda.data.aws_iam_policy_document.dead_letter",
            "module.core-service.module.order_service_lambda.data.aws_iam_policy_document.logs",
            "module.core-service.module.order_service_lambda.data.aws_partition.current",
            "module.core-service.module.order_service_lambda.data.external.archive_prepare",
            "module.core-service.module.order_service_lambda.local_file.archive_plan",
            "module.core-service.module.order_service_lambda.null_resource.archive",
            "module.core-service.module.order_service_lambda_alias.aws_lambda_alias.no_refresh",
            "module.core-service.module.order_service_lambda_alias.aws_lambda_alias.with_refresh",
            "module.core-service.module.order_service_lambda_alias.data.aws_lambda_alias.existing",
            "module.core-service.module.vpc.aws_subnet.private",
            "module.core-service.module.vpc.aws_vpc.this",
            "module.core-service.module.vpc.aws_vpc_ipv4_cidr_block_association.this"
          ],
          "create_before_destroy": true
        }
      ]
    },
    {
      "module": "module.core-service.module.alb",
      "mode": "managed",
      "type": "aws_lb_target_group_attachment",
      "name": "this",
      "provider": "module.core-service.provider[\"registry.terraform.io/hashicorp/aws\"]",
      "instances": [
        {
          "index_key": "0.lambda_with_allowed_triggers",
          "schema_version": 0,
          "attributes": {
            "availability_zone": null,
            "id": "arn:aws:elasticloadbalancing:ap-south-1:008744601422:targetgroup/tf-20230426073321229800000003/4348c92c80294e61-20230426073411020000000001",
            "port": null,
            "target_group_arn": "arn:aws:elasticloadbalancing:ap-south-1:008744601422:targetgroup/tf-20230426073321229800000003/4348c92c80294e61",
            "target_id": "arn:aws:lambda:ap-south-1:008744601422:function:order-service-lambda:order-Service_lambda_alias"
          },
          "sensitive_attributes": [],
          "private": "bnVsbA==",
          "dependencies": [
            "module.core-service.aws_security_group.alb_sg",
            "module.core-service.module.alb.aws_lb.this",
            "module.core-service.module.alb.aws_lb_target_group.main",
            "module.core-service.module.order_service_lambda.aws_cloudwatch_log_group.lambda",
            "module.core-service.module.order_service_lambda.aws_iam_policy.additional_inline",
            "module.core-service.module.order_service_lambda.aws_iam_policy.additional_json",
            "module.core-service.module.order_service_lambda.aws_iam_policy.additional_jsons",
            "module.core-service.module.order_service_lambda.aws_iam_policy.async",
            "module.core-service.module.order_service_lambda.aws_iam_policy.dead_letter",
            "module.core-service.module.order_service_lambda.aws_iam_policy.logs",
            "module.core-service.module.order_service_lambda.aws_iam_policy.tracing",
            "module.core-service.module.order_service_lambda.aws_iam_policy.vpc",
            "module.core-service.module.order_service_lambda.aws_iam_role.lambda",
            "module.core-service.module.order_service_lambda.aws_iam_role_policy_attachment.additional_inline",
            "module.core-service.module.order_service_lambda.aws_iam_role_policy_attachment.additional_json",
            "module.core-service.module.order_service_lambda.aws_iam_role_policy_attachment.additional_jsons",
            "module.core-service.module.order_service_lambda.aws_iam_role_policy_attachment.additional_many",
            "module.core-service.module.order_service_lambda.aws_iam_role_policy_attachment.additional_one",
            "module.core-service.module.order_service_lambda.aws_iam_role_policy_attachment.async",
            "module.core-service.module.order_service_lambda.aws_iam_role_policy_attachment.dead_letter",
            "module.core-service.module.order_service_lambda.aws_iam_role_policy_attachment.logs",
            "module.core-service.module.order_service_lambda.aws_iam_role_policy_attachment.tracing",
            "module.core-service.module.order_service_lambda.aws_iam_role_policy_attachment.vpc",
            "module.core-service.module.order_service_lambda.aws_lambda_function.this",
            "module.core-service.module.order_service_lambda.aws_s3_object.lambda_package",
            "module.core-service.module.order_service_lambda.data.aws_arn.log_group_arn",
            "module.core-service.module.order_service_lambda.data.aws_cloudwatch_log_group.lambda",
            "module.core-service.module.order_service_lambda.data.aws_iam_policy.tracing",
            "module.core-service.module.order_service_lambda.data.aws_iam_policy.vpc",
            "module.core-service.module.order_service_lambda.data.aws_iam_policy_document.additional_inline",
            "module.core-service.module.order_service_lambda.data.aws_iam_policy_document.assume_role",
            "module.core-service.module.order_service_lambda.data.aws_iam_policy_document.async",
            "module.core-service.module.order_service_lambda.data.aws_iam_policy_document.dead_letter",
            "module.core-service.module.order_service_lambda.data.aws_iam_policy_document.logs",
            "module.core-service.module.order_service_lambda.data.aws_partition.current",
            "module.core-service.module.order_service_lambda.data.external.archive_prepare",
            "module.core-service.module.order_service_lambda.local_file.archive_plan",
            "module.core-service.module.order_service_lambda.null_resource.archive",
            "module.core-service.module.order_service_lambda_alias.aws_lambda_alias.no_refresh",
            "module.core-service.module.order_service_lambda_alias.aws_lambda_alias.with_refresh",
            "module.core-service.module.order_service_lambda_alias.data.aws_lambda_alias.existing",
            "module.core-service.module.vpc.aws_subnet.private",
            "module.core-service.module.vpc.aws_vpc.this",
            "module.core-service.module.vpc.aws_vpc_ipv4_cidr_block_association.this"
          ]
        }
      ]
    },
    {
      "module": "module.core-service.module.ec2_instance",
      "mode": "managed",
      "type": "aws_instance",
      "name": "this",
      "provider": "module.core-service.provider[\"registry.terraform.io/hashicorp/aws\"]",
      "instances": [
        {
          "index_key": 0,
          "schema_version": 1,
          "attributes": {
            "ami": "ami-0c768662cc797cd75",
            "arn": "arn:aws:ec2:ap-south-1:008744601422:instance/i-0e6bc3f8427e2b130",
            "associate_public_ip_address": true,
            "availability_zone": "ap-south-1a",
            "capacity_reservation_specification": [
              {
                "capacity_reservation_preference": "open",
                "capacity_reservation_target": []
              }
            ],
            "cpu_core_count": 1,
            "cpu_threads_per_core": 1,
            "credit_specification": [
              {
                "cpu_credits": "standard"
              }
            ],
            "disable_api_stop": false,
            "disable_api_termination": false,
            "ebs_block_device": [],
            "ebs_optimized": false,
            "enclave_options": [
              {
                "enabled": false
              }
            ],
            "ephemeral_block_device": [],
            "get_password_data": false,
            "hibernation": false,
            "host_id": "",
            "host_resource_group_arn": null,
            "iam_instance_profile": "",
            "id": "i-0e6bc3f8427e2b130",
            "instance_initiated_shutdown_behavior": "stop",
            "instance_state": "running",
            "instance_type": "t2.micro",
            "ipv6_address_count": 0,
            "ipv6_addresses": [],
            "key_name": "yd-the-winner",
            "launch_template": [],
            "maintenance_options": [
              {
                "auto_recovery": "default"
              }
            ],
            "metadata_options": [
              {
                "http_endpoint": "enabled",
                "http_put_response_hop_limit": 1,
                "http_tokens": "optional",
                "instance_metadata_tags": "disabled"
              }
            ],
            "monitoring": true,
            "network_interface": [],
            "outpost_arn": "",
            "password_data": "",
            "placement_group": "",
            "placement_partition_number": 0,
            "primary_network_interface_id": "eni-05f8f1c5c1ee4dbe0",
            "private_dns": "ip-10-0-101-55.ap-south-1.compute.internal",
            "private_dns_name_options": [
              {
                "enable_resource_name_dns_a_record": false,
                "enable_resource_name_dns_aaaa_record": false,
                "hostname_type": "ip-name"
              }
            ],
            "private_ip": "10.0.101.55",
            "public_dns": "ec2-13-232-190-111.ap-south-1.compute.amazonaws.com",
            "public_ip": "13.232.190.111",
            "root_block_device": [
              {
                "delete_on_termination": true,
                "device_name": "/dev/xvda",
                "encrypted": false,
                "iops": 3000,
                "kms_key_id": "",
                "tags": {},
                "throughput": 125,
                "volume_id": "vol-000374c1f284a8ec9",
                "volume_size": 8,
                "volume_type": "gp3"
              }
            ],
            "secondary_private_ips": [],
            "security_groups": [],
            "source_dest_check": true,
            "subnet_id": "subnet-0f71949b8671d81be",
            "tags": {
              "Environment": "dev",
              "Name": "bastion-instance",
              "Terraform": "true"
            },
            "tags_all": {
              "Environment": "dev",
              "Name": "bastion-instance",
              "Terraform": "true"
            },
            "tenancy": "default",
            "timeouts": {
              "create": null,
              "delete": null,
              "update": null
            },
            "user_data": null,
            "user_data_base64": null,
            "user_data_replace_on_change": false,
            "volume_tags": {
              "Name": "bastion-instance"
            },
            "vpc_security_group_ids": [
              "sg-00c53c0eb4bd8c1ac"
            ]
          },
          "sensitive_attributes": [],
          "private": "eyJlMmJmYjczMC1lY2FhLTExZTYtOGY4OC0zNDM2M2JjN2M0YzAiOnsiY3JlYXRlIjo2MDAwMDAwMDAwMDAsImRlbGV0ZSI6MTIwMDAwMDAwMDAwMCwidXBkYXRlIjo2MDAwMDAwMDAwMDB9LCJzY2hlbWFfdmVyc2lvbiI6IjEifQ==",
          "dependencies": [
            "module.core-service.aws_security_group.bastion_sg",
            "module.core-service.module.vpc.aws_subnet.public",
            "module.core-service.module.vpc.aws_vpc.this",
            "module.core-service.module.vpc.aws_vpc_ipv4_cidr_block_association.this"
          ]
        }
      ]
    },
    {
      "module": "module.core-service.module.order_service_lambda",
      "mode": "data",
      "type": "aws_caller_identity",
      "name": "current",
      "provider": "module.core-service.provider[\"registry.terraform.io/hashicorp/aws\"]",
      "instances": [
        {
          "schema_version": 0,
          "attributes": {
            "account_id": "008744601422",
            "arn": "arn:aws:iam::008744601422:user/yd-dev",
            "id": "008744601422",
            "user_id": "AIDAQECJYA5HGJ2WNVWEX"
          },
          "sensitive_attributes": []
        }
      ]
    },
    {
      "module": "module.core-service.module.order_service_lambda",
      "mode": "data",
      "type": "aws_iam_policy_document",
      "name": "assume_role",
      "provider": "module.core-service.provider[\"registry.terraform.io/hashicorp/aws\"]",
      "instances": [
        {
          "index_key": 0,
          "schema_version": 0,
          "attributes": {
            "id": "3693445097",
            "json": "{\n  \"Version\": \"2012-10-17\",\n  \"Statement\": [\n    {\n      \"Sid\": \"\",\n      \"Effect\": \"Allow\",\n      \"Action\": \"sts:AssumeRole\",\n      \"Principal\": {\n        \"Service\": \"lambda.amazonaws.com\"\n      }\n    }\n  ]\n}",
            "override_json": null,
            "override_policy_documents": null,
            "policy_id": null,
            "source_json": null,
            "source_policy_documents": null,
            "statement": [
              {
                "actions": [
                  "sts:AssumeRole"
                ],
                "condition": [],
                "effect": "Allow",
                "not_actions": [],
                "not_principals": [],
                "not_resources": [],
                "principals": [
                  {
                    "identifiers": [
                      "lambda.amazonaws.com"
                    ],
                    "type": "Service"
                  }
                ],
                "resources": [],
                "sid": ""
              }
            ],
            "version": "2012-10-17"
          },
          "sensitive_attributes": []
        }
      ]
    },
    {
      "module": "module.core-service.module.order_service_lambda",
      "mode": "data",
      "type": "aws_iam_policy_document",
      "name": "logs",
      "provider": "module.core-service.provider[\"registry.terraform.io/hashicorp/aws\"]",
      "instances": [
        {
          "index_key": 0,
          "schema_version": 0,
          "attributes": {
            "id": "2694641122",
            "json": "{\n  \"Version\": \"2012-10-17\",\n  \"Statement\": [\n    {\n      \"Sid\": \"\",\n      \"Effect\": \"Allow\",\n      \"Action\": [\n        \"logs:PutLogEvents\",\n        \"logs:CreateLogStream\",\n        \"logs:CreateLogGroup\"\n      ],\n      \"Resource\": [\n        \"arn:aws:logs:ap-south-1:008744601422:log-group:/aws/lambda/order-service-lambda:*:*\",\n        \"arn:aws:logs:ap-south-1:008744601422:log-group:/aws/lambda/order-service-lambda:*\"\n      ]\n    }\n  ]\n}",
            "override_json": null,
            "override_policy_documents": null,
            "policy_id": null,
            "source_json": null,
            "source_policy_documents": null,
            "statement": [
              {
                "actions": [
                  "logs:CreateLogGroup",
                  "logs:CreateLogStream",
                  "logs:PutLogEvents"
                ],
                "condition": [],
                "effect": "Allow",
                "not_actions": [],
                "not_principals": [],
                "not_resources": [],
                "principals": [],
                "resources": [
                  "arn:aws:logs:ap-south-1:008744601422:log-group:/aws/lambda/order-service-lambda:*",
                  "arn:aws:logs:ap-south-1:008744601422:log-group:/aws/lambda/order-service-lambda:*:*"
                ],
                "sid": ""
              }
            ],
            "version": "2012-10-17"
          },
          "sensitive_attributes": []
        }
      ]
    },
    {
      "module": "module.core-service.module.order_service_lambda",
      "mode": "data",
      "type": "aws_partition",
      "name": "current",
      "provider": "module.core-service.provider[\"registry.terraform.io/hashicorp/aws\"]",
      "instances": [
        {
          "schema_version": 0,
          "attributes": {
            "dns_suffix": "amazonaws.com",
            "id": "aws",
            "partition": "aws",
            "reverse_dns_prefix": "com.amazonaws"
          },
          "sensitive_attributes": []
        }
      ]
    },
    {
      "module": "module.core-service.module.order_service_lambda",
      "mode": "data",
      "type": "aws_region",
      "name": "current",
      "provider": "module.core-service.provider[\"registry.terraform.io/hashicorp/aws\"]",
      "instances": [
        {
          "schema_version": 0,
          "attributes": {
            "description": "Asia Pacific (Mumbai)",
            "endpoint": "ec2.ap-south-1.amazonaws.com",
            "id": "ap-south-1",
            "name": "ap-south-1"
          },
          "sensitive_attributes": []
        }
      ]
    },
    {
      "module": "module.core-service.module.order_service_lambda",
      "mode": "data",
      "type": "external",
      "name": "archive_prepare",
      "provider": "provider[\"registry.terraform.io/hashicorp/external\"]",
      "instances": [
        {
          "index_key": 0,
          "schema_version": 0,
          "attributes": {
            "id": "-",
            "program": [
              "python3",
              ".terraform/modules/core-service.order_service_lambda/package.py",
              "prepare"
            ],
            "query": {
              "artifacts_dir": "builds",
              "docker": null,
              "hash_extra": "",
              "hash_extra_paths": "[]",
              "paths": "{\"cwd\":\"/home/yh1087/projects/aws/aws-security-templates/terraform/scenarios/scenario-1\",\"module\":\".terraform/modules/core-service.order_service_lambda\",\"root\":\".\"}",
              "recreate_missing_package": "true",
              "runtime": "nodejs18.x",
              "source_path": "\"../../modules/core-service/../../../scenario-1/order-service\""
            },
            "result": {
              "build_plan": "{\"filename\": \"builds/8233c9da4c47aef3c9d1b2f47593ab827b70ae9c917f56b0d0dd13fee053c463.zip\", \"runtime\": \"nodejs18.x\", \"artifacts_dir\": \"builds\", \"build_plan\": [[\"zip\", \"../../modules/core-service/../../../scenario-1/order-service\", null]]}",
              "build_plan_filename": "builds/8233c9da4c47aef3c9d1b2f47593ab827b70ae9c917f56b0d0dd13fee053c463.plan.json",
              "filename": "builds/8233c9da4c47aef3c9d1b2f47593ab827b70ae9c917f56b0d0dd13fee053c463.zip",
              "timestamp": "1682494243338488200",
              "was_missing": "false"
            },
            "working_dir": null
          },
          "sensitive_attributes": []
        }
      ]
    },
    {
      "module": "module.core-service.module.order_service_lambda",
      "mode": "managed",
      "type": "aws_cloudwatch_log_group",
      "name": "lambda",
      "provider": "module.core-service.provider[\"registry.terraform.io/hashicorp/aws\"]",
      "instances": [
        {
          "index_key": 0,
          "schema_version": 0,
          "attributes": {
            "arn": "arn:aws:logs:ap-south-1:008744601422:log-group:/aws/lambda/order-service-lambda",
            "id": "/aws/lambda/order-service-lambda",
            "kms_key_id": "",
            "name": "/aws/lambda/order-service-lambda",
            "name_prefix": "",
            "retention_in_days": 0,
            "skip_destroy": false,
            "tags": {
              "environment": "dev",
              "terraform": "true"
            },
            "tags_all": {
              "environment": "dev",
              "terraform": "true"
            }
          },
          "sensitive_attributes": [],
          "private": "bnVsbA==",
          "create_before_destroy": true
        }
      ]
    },
    {
      "module": "module.core-service.module.order_service_lambda",
      "mode": "managed",
      "type": "aws_iam_policy",
      "name": "logs",
      "provider": "module.core-service.provider[\"registry.terraform.io/hashicorp/aws\"]",
      "instances": [
        {
          "index_key": 0,
          "schema_version": 0,
          "attributes": {
            "arn": "arn:aws:iam::008744601422:policy/order-service-lambda-logs",
            "description": "",
            "id": "arn:aws:iam::008744601422:policy/order-service-lambda-logs",
            "name": "order-service-lambda-logs",
            "name_prefix": "",
            "path": "/",
            "policy": "{\"Statement\":[{\"Action\":[\"logs:PutLogEvents\",\"logs:CreateLogStream\",\"logs:CreateLogGroup\"],\"Effect\":\"Allow\",\"Resource\":[\"arn:aws:logs:ap-south-1:008744601422:log-group:/aws/lambda/order-service-lambda:*:*\",\"arn:aws:logs:ap-south-1:008744601422:log-group:/aws/lambda/order-service-lambda:*\"],\"Sid\":\"\"}],\"Version\":\"2012-10-17\"}",
            "policy_id": "ANPAQECJYA5HNMJZA4RRK",
            "tags": {
              "environment": "dev",
              "terraform": "true"
            },
            "tags_all": {
              "environment": "dev",
              "terraform": "true"
            }
          },
          "sensitive_attributes": [],
          "private": "bnVsbA==",
          "dependencies": [
            "module.core-service.module.order_service_lambda.aws_cloudwatch_log_group.lambda",
            "module.core-service.module.order_service_lambda.data.aws_arn.log_group_arn",
            "module.core-service.module.order_service_lambda.data.aws_cloudwatch_log_group.lambda",
            "module.core-service.module.order_service_lambda.data.aws_iam_policy_document.logs"
          ],
          "create_before_destroy": true
        }
      ]
    },
    {
      "module": "module.core-service.module.order_service_lambda",
      "mode": "managed",
      "type": "aws_iam_role",
      "name": "lambda",
      "provider": "module.core-service.provider[\"registry.terraform.io/hashicorp/aws\"]",
      "instances": [
        {
          "index_key": 0,
          "schema_version": 0,
          "attributes": {
            "arn": "arn:aws:iam::008744601422:role/order-service-lambda",
            "assume_role_policy": "{\"Statement\":[{\"Action\":\"sts:AssumeRole\",\"Effect\":\"Allow\",\"Principal\":{\"Service\":\"lambda.amazonaws.com\"},\"Sid\":\"\"}],\"Version\":\"2012-10-17\"}",
            "create_date": "2023-04-26T07:30:51Z",
            "description": "",
            "force_detach_policies": true,
            "id": "order-service-lambda",
            "inline_policy": [],
            "managed_policy_arns": [
              "arn:aws:iam::008744601422:policy/order-service-lambda-logs"
            ],
            "max_session_duration": 3600,
            "name": "order-service-lambda",
            "name_prefix": "",
            "path": "/",
            "permissions_boundary": null,
            "role_last_used": [
              {
                "last_used_date": "",
                "region": ""
              }
            ],
            "tags": {
              "environment": "dev",
              "terraform": "true"
            },
            "tags_all": {
              "environment": "dev",
              "terraform": "true"
            },
            "unique_id": "AROAQECJYA5HIVZBNIUAM"
          },
          "sensitive_attributes": [],
          "private": "bnVsbA==",
          "dependencies": [
            "module.core-service.module.order_service_lambda.data.aws_iam_policy_document.assume_role"
          ],
          "create_before_destroy": true
        }
      ]
    },
    {
      "module": "module.core-service.module.order_service_lambda",
      "mode": "managed",
      "type": "aws_iam_role_policy_attachment",
      "name": "logs",
      "provider": "module.core-service.provider[\"registry.terraform.io/hashicorp/aws\"]",
      "instances": [
        {
          "index_key": 0,
          "schema_version": 0,
          "attributes": {
            "id": "order-service-lambda-20230426073053096600000001",
            "policy_arn": "arn:aws:iam::008744601422:policy/order-service-lambda-logs",
            "role": "order-service-lambda"
          },
          "sensitive_attributes": [],
          "private": "bnVsbA==",
          "dependencies": [
            "module.core-service.module.order_service_lambda.aws_cloudwatch_log_group.lambda",
            "module.core-service.module.order_service_lambda.aws_iam_policy.logs",
            "module.core-service.module.order_service_lambda.aws_iam_role.lambda",
            "module.core-service.module.order_service_lambda.data.aws_arn.log_group_arn",
            "module.core-service.module.order_service_lambda.data.aws_cloudwatch_log_group.lambda",
            "module.core-service.module.order_service_lambda.data.aws_iam_policy_document.assume_role",
            "module.core-service.module.order_service_lambda.data.aws_iam_policy_document.logs"
          ],
          "create_before_destroy": true
        }
      ]
    },
    {
      "module": "module.core-service.module.order_service_lambda",
      "mode": "managed",
      "type": "aws_lambda_function",
      "name": "this",
      "provider": "module.core-service.provider[\"registry.terraform.io/hashicorp/aws\"]",
      "instances": [
        {
          "index_key": 0,
          "schema_version": 0,
          "attributes": {
            "architectures": [
              "x86_64"
            ],
            "arn": "arn:aws:lambda:ap-south-1:008744601422:function:order-service-lambda",
            "code_signing_config_arn": "",
            "dead_letter_config": [],
            "description": "AWS Lambda function for order service",
            "environment": [
              {
                "variables": {
                  "ENVIRONMENT": "dev"
                }
              }
            ],
            "ephemeral_storage": [
              {
                "size": 512
              }
            ],
            "file_system_config": [],
            "filename": "builds/8233c9da4c47aef3c9d1b2f47593ab827b70ae9c917f56b0d0dd13fee053c463.zip",
            "function_name": "order-service-lambda",
            "handler": "index.handler",
            "id": "order-service-lambda",
            "image_config": [],
            "image_uri": "",
            "invoke_arn": "arn:aws:apigateway:ap-south-1:lambda:path/2015-03-31/functions/arn:aws:lambda:ap-south-1:008744601422:function:order-service-lambda/invocations",
            "kms_key_arn": "",
            "last_modified": "2023-04-26T07:33:22.988+0000",
            "layers": [],
            "memory_size": 128,
            "package_type": "Zip",
            "publish": false,
            "qualified_arn": "arn:aws:lambda:ap-south-1:008744601422:function:order-service-lambda:$LATEST",
            "qualified_invoke_arn": "arn:aws:apigateway:ap-south-1:lambda:path/2015-03-31/functions/arn:aws:lambda:ap-south-1:008744601422:function:order-service-lambda:$LATEST/invocations",
            "replace_security_groups_on_destroy": null,
            "replacement_security_group_ids": null,
            "reserved_concurrent_executions": -1,
            "role": "arn:aws:iam::008744601422:role/order-service-lambda",
            "runtime": "nodejs18.x",
            "s3_bucket": null,
            "s3_key": null,
            "s3_object_version": null,
            "signing_job_arn": "",
            "signing_profile_version_arn": "",
            "skip_destroy": false,
            "snap_start": [],
            "source_code_hash": "ipJBM9P6QAuiZnz0u+4QuAXDKHYG7k1nf90ZRFEzt0A=",
            "source_code_size": 287,
            "tags": {
              "environment": "dev",
              "terraform": "true"
            },
            "tags_all": {
              "environment": "dev",
              "terraform": "true"
            },
            "timeout": 3,
            "timeouts": null,
            "tracing_config": [
              {
                "mode": "PassThrough"
              }
            ],
            "version": "$LATEST",
            "vpc_config": []
          },
          "sensitive_attributes": [],
          "private": "eyJlMmJmYjczMC1lY2FhLTExZTYtOGY4OC0zNDM2M2JjN2M0YzAiOnsiY3JlYXRlIjo2MDAwMDAwMDAwMDAsImRlbGV0ZSI6NjAwMDAwMDAwMDAwLCJ1cGRhdGUiOjYwMDAwMDAwMDAwMH19",
          "dependencies": [
            "module.core-service.module.order_service_lambda.aws_cloudwatch_log_group.lambda",
            "module.core-service.module.order_service_lambda.aws_iam_policy.additional_inline",
            "module.core-service.module.order_service_lambda.aws_iam_policy.additional_json",
            "module.core-service.module.order_service_lambda.aws_iam_policy.additional_jsons",
            "module.core-service.module.order_service_lambda.aws_iam_policy.async",
            "module.core-service.module.order_service_lambda.aws_iam_policy.dead_letter",
            "module.core-service.module.order_service_lambda.aws_iam_policy.logs",
            "module.core-service.module.order_service_lambda.aws_iam_policy.tracing",
            "module.core-service.module.order_service_lambda.aws_iam_policy.vpc",
            "module.core-service.module.order_service_lambda.aws_iam_role.lambda",
            "module.core-service.module.order_service_lambda.aws_iam_role_policy_attachment.additional_inline",
            "module.core-service.module.order_service_lambda.aws_iam_role_policy_attachment.additional_json",
            "module.core-service.module.order_service_lambda.aws_iam_role_policy_attachment.additional_jsons",
            "module.core-service.module.order_service_lambda.aws_iam_role_policy_attachment.additional_many",
            "module.core-service.module.order_service_lambda.aws_iam_role_policy_attachment.additional_one",
            "module.core-service.module.order_service_lambda.aws_iam_role_policy_attachment.async",
            "module.core-service.module.order_service_lambda.aws_iam_role_policy_attachment.dead_letter",
            "module.core-service.module.order_service_lambda.aws_iam_role_policy_attachment.logs",
            "module.core-service.module.order_service_lambda.aws_iam_role_policy_attachment.tracing",
            "module.core-service.module.order_service_lambda.aws_iam_role_policy_attachment.vpc",
            "module.core-service.module.order_service_lambda.aws_s3_object.lambda_package",
            "module.core-service.module.order_service_lambda.data.aws_arn.log_group_arn",
            "module.core-service.module.order_service_lambda.data.aws_cloudwatch_log_group.lambda",
            "module.core-service.module.order_service_lambda.data.aws_iam_policy.tracing",
            "module.core-service.module.order_service_lambda.data.aws_iam_policy.vpc",
            "module.core-service.module.order_service_lambda.data.aws_iam_policy_document.additional_inline",
            "module.core-service.module.order_service_lambda.data.aws_iam_policy_document.assume_role",
            "module.core-service.module.order_service_lambda.data.aws_iam_policy_document.async",
            "module.core-service.module.order_service_lambda.data.aws_iam_policy_document.dead_letter",
            "module.core-service.module.order_service_lambda.data.aws_iam_policy_document.logs",
            "module.core-service.module.order_service_lambda.data.aws_partition.current",
            "module.core-service.module.order_service_lambda.data.external.archive_prepare",
            "module.core-service.module.order_service_lambda.local_file.archive_plan",
            "module.core-service.module.order_service_lambda.null_resource.archive"
          ],
          "create_before_destroy": true
        }
      ]
    },
    {
      "module": "module.core-service.module.order_service_lambda",
      "mode": "managed",
      "type": "local_file",
      "name": "archive_plan",
      "provider": "provider[\"registry.terraform.io/hashicorp/local\"]",
      "instances": [
        {
          "index_key": 0,
          "schema_version": 0,
          "attributes": {
            "content": "{\"filename\": \"builds/8233c9da4c47aef3c9d1b2f47593ab827b70ae9c917f56b0d0dd13fee053c463.zip\", \"runtime\": \"nodejs18.x\", \"artifacts_dir\": \"builds\", \"build_plan\": [[\"zip\", \"../../modules/core-service/../../../scenario-1/order-service\", null]]}",
            "content_base64": null,
            "content_base64sha256": "Wg4C5SvgS5Pla2LVcxt4VvlUy7moowUdYMU0l2IDQ14=",
            "content_base64sha512": "WeSGpZfCvdgC2vh4RsAJyxJu9Mb65VAM5r195fE5wd8FZax/YohRpxy/K4ayGii1SJOXXQJEgl2QyAflZhqHIg==",
            "content_md5": "a26c2b6374c7b06f210504aa4695a31a",
            "content_sha1": "c060f8eb9949e5d0a8a802146b9dc8c3df779c26",
            "content_sha256": "5a0e02e52be04b93e56b62d5731b7856f954cbb9a8a3051d60c534976203435e",
            "content_sha512": "59e486a597c2bdd802daf87846c009cb126ef4c6fae5500ce6bd7de5f139c1df0565ac7f628851a71cbf2b86b21a28b54893975d0244825d90c807e5661a8722",
            "directory_permission": "0755",
            "file_permission": "0644",
            "filename": "builds/8233c9da4c47aef3c9d1b2f47593ab827b70ae9c917f56b0d0dd13fee053c463.plan.json",
            "id": "c060f8eb9949e5d0a8a802146b9dc8c3df779c26",
            "sensitive_content": null,
            "source": null
          },
          "sensitive_attributes": [],
          "dependencies": [
            "module.core-service.module.order_service_lambda.data.external.archive_prepare"
          ],
          "create_before_destroy": true
        }
      ]
    },
    {
      "module": "module.core-service.module.order_service_lambda",
      "mode": "managed",
      "type": "null_resource",
      "name": "archive",
      "provider": "provider[\"registry.terraform.io/hashicorp/null\"]",
      "instances": [
        {
          "index_key": 0,
          "schema_version": 0,
          "attributes": {
            "id": "7030258415321839429",
            "triggers": {
              "filename": "builds/8233c9da4c47aef3c9d1b2f47593ab827b70ae9c917f56b0d0dd13fee053c463.zip",
              "timestamp": "1682494243338488200"
            }
          },
          "sensitive_attributes": [],
          "dependencies": [
            "module.core-service.module.order_service_lambda.data.external.archive_prepare",
            "module.core-service.module.order_service_lambda.local_file.archive_plan"
          ],
          "create_before_destroy": true
        }
      ]
    },
    {
      "module": "module.core-service.module.order_service_lambda",
      "mode": "managed",
      "type": "null_resource",
      "name": "sam_metadata_aws_lambda_function",
      "provider": "provider[\"registry.terraform.io/hashicorp/null\"]",
      "instances": [
        {
          "index_key": 0,
          "schema_version": 0,
          "attributes": {
            "id": "3767757698173446985",
            "triggers": {
              "built_output_path": "builds/8233c9da4c47aef3c9d1b2f47593ab827b70ae9c917f56b0d0dd13fee053c463.zip",
              "original_source_code": "\"../../modules/core-service/../../../scenario-1/order-service\"",
              "resource_name": "aws_lambda_function.this[0]",
              "resource_type": "ZIP_LAMBDA_FUNCTION",
              "source_code_property": "path"
            }
          },
          "sensitive_attributes": [],
          "dependencies": [
            "module.core-service.module.order_service_lambda.data.external.archive_prepare",
            "module.core-service.module.order_service_lambda.local_file.archive_plan",
            "module.core-service.module.order_service_lambda.null_resource.archive"
          ]
        }
      ]
    },
    {
      "module": "module.core-service.module.order_service_lambda_alias",
      "mode": "data",
      "type": "aws_lambda_alias",
      "name": "existing",
      "provider": "module.core-service.provider[\"registry.terraform.io/hashicorp/aws\"]",
      "instances": []
    },
    {
      "module": "module.core-service.module.order_service_lambda_alias",
      "mode": "managed",
      "type": "aws_lambda_alias",
      "name": "no_refresh",
      "provider": "module.core-service.provider[\"registry.terraform.io/hashicorp/aws\"]",
      "instances": [
        {
          "index_key": 0,
          "schema_version": 0,
          "attributes": {
            "arn": "arn:aws:lambda:ap-south-1:008744601422:function:order-service-lambda:order-Service_lambda_alias",
            "description": "",
            "function_name": "order-service-lambda",
            "function_version": "$LATEST",
            "id": "arn:aws:lambda:ap-south-1:008744601422:function:order-service-lambda:order-Service_lambda_alias",
            "invoke_arn": "arn:aws:apigateway:ap-south-1:lambda:path/2015-03-31/functions/arn:aws:lambda:ap-south-1:008744601422:function:order-service-lambda:order-Service_lambda_alias/invocations",
            "name": "order-Service_lambda_alias",
            "routing_config": []
          },
          "sensitive_attributes": [],
          "private": "bnVsbA==",
          "dependencies": [
            "module.core-service.module.order_service_lambda.aws_cloudwatch_log_group.lambda",
            "module.core-service.module.order_service_lambda.aws_iam_policy.additional_inline",
            "module.core-service.module.order_service_lambda.aws_iam_policy.additional_json",
            "module.core-service.module.order_service_lambda.aws_iam_policy.additional_jsons",
            "module.core-service.module.order_service_lambda.aws_iam_policy.async",
            "module.core-service.module.order_service_lambda.aws_iam_policy.dead_letter",
            "module.core-service.module.order_service_lambda.aws_iam_policy.logs",
            "module.core-service.module.order_service_lambda.aws_iam_policy.tracing",
            "module.core-service.module.order_service_lambda.aws_iam_policy.vpc",
            "module.core-service.module.order_service_lambda.aws_iam_role.lambda",
            "module.core-service.module.order_service_lambda.aws_iam_role_policy_attachment.additional_inline",
            "module.core-service.module.order_service_lambda.aws_iam_role_policy_attachment.additional_json",
            "module.core-service.module.order_service_lambda.aws_iam_role_policy_attachment.additional_jsons",
            "module.core-service.module.order_service_lambda.aws_iam_role_policy_attachment.additional_many",
            "module.core-service.module.order_service_lambda.aws_iam_role_policy_attachment.additional_one",
            "module.core-service.module.order_service_lambda.aws_iam_role_policy_attachment.async",
            "module.core-service.module.order_service_lambda.aws_iam_role_policy_attachment.dead_letter",
            "module.core-service.module.order_service_lambda.aws_iam_role_policy_attachment.logs",
            "module.core-service.module.order_service_lambda.aws_iam_role_policy_attachment.tracing",
            "module.core-service.module.order_service_lambda.aws_iam_role_policy_attachment.vpc",
            "module.core-service.module.order_service_lambda.aws_lambda_function.this",
            "module.core-service.module.order_service_lambda.aws_s3_object.lambda_package",
            "module.core-service.module.order_service_lambda.data.aws_arn.log_group_arn",
            "module.core-service.module.order_service_lambda.data.aws_cloudwatch_log_group.lambda",
            "module.core-service.module.order_service_lambda.data.aws_iam_policy.tracing",
            "module.core-service.module.order_service_lambda.data.aws_iam_policy.vpc",
            "module.core-service.module.order_service_lambda.data.aws_iam_policy_document.additional_inline",
            "module.core-service.module.order_service_lambda.data.aws_iam_policy_document.assume_role",
            "module.core-service.module.order_service_lambda.data.aws_iam_policy_document.async",
            "module.core-service.module.order_service_lambda.data.aws_iam_policy_document.dead_letter",
            "module.core-service.module.order_service_lambda.data.aws_iam_policy_document.logs",
            "module.core-service.module.order_service_lambda.data.aws_partition.current",
            "module.core-service.module.order_service_lambda.data.external.archive_prepare",
            "module.core-service.module.order_service_lambda.local_file.archive_plan",
            "module.core-service.module.order_service_lambda.null_resource.archive"
          ],
          "create_before_destroy": true
        }
      ]
    },
    {
      "module": "module.core-service.module.order_service_lambda_alias",
      "mode": "managed",
      "type": "aws_lambda_alias",
      "name": "with_refresh",
      "provider": "module.core-service.provider[\"registry.terraform.io/hashicorp/aws\"]",
      "instances": []
    },
    {
      "module": "module.core-service.module.order_service_lambda_alias",
      "mode": "managed",
      "type": "aws_lambda_permission",
      "name": "qualified_alias_triggers",
      "provider": "module.core-service.provider[\"registry.terraform.io/hashicorp/aws\"]",
      "instances": [
        {
          "index_key": "AllowExecutionFromELB",
          "schema_version": 0,
          "attributes": {
            "action": "lambda:InvokeFunction",
            "event_source_token": null,
            "function_name": "order-service-lambda",
            "function_url_auth_type": null,
            "id": "AllowExecutionFromELB",
            "principal": "elasticloadbalancing.amazonaws.com",
            "principal_org_id": null,
            "qualifier": "order-Service_lambda_alias",
            "source_account": null,
            "source_arn": "arn:aws:elasticloadbalancing:ap-south-1:008744601422:targetgroup/tf-20230426073321229800000003/4348c92c80294e61",
            "statement_id": "AllowExecutionFromELB",
            "statement_id_prefix": ""
          },
          "sensitive_attributes": [],
          "private": "bnVsbA==",
          "dependencies": [
            "module.core-service.aws_security_group.alb_sg",
            "module.core-service.module.alb.aws_lb.this",
            "module.core-service.module.alb.aws_lb_target_group.main",
            "module.core-service.module.order_service_lambda.aws_cloudwatch_log_group.lambda",
            "module.core-service.module.order_service_lambda.aws_iam_policy.additional_inline",
            "module.core-service.module.order_service_lambda.aws_iam_policy.additional_json",
            "module.core-service.module.order_service_lambda.aws_iam_policy.additional_jsons",
            "module.core-service.module.order_service_lambda.aws_iam_policy.async",
            "module.core-service.module.order_service_lambda.aws_iam_policy.dead_letter",
            "module.core-service.module.order_service_lambda.aws_iam_policy.logs",
            "module.core-service.module.order_service_lambda.aws_iam_policy.tracing",
            "module.core-service.module.order_service_lambda.aws_iam_policy.vpc",
            "module.core-service.module.order_service_lambda.aws_iam_role.lambda",
            "module.core-service.module.order_service_lambda.aws_iam_role_policy_attachment.additional_inline",
            "module.core-service.module.order_service_lambda.aws_iam_role_policy_attachment.additional_json",
            "module.core-service.module.order_service_lambda.aws_iam_role_policy_attachment.additional_jsons",
            "module.core-service.module.order_service_lambda.aws_iam_role_policy_attachment.additional_many",
            "module.core-service.module.order_service_lambda.aws_iam_role_policy_attachment.additional_one",
            "module.core-service.module.order_service_lambda.aws_iam_role_policy_attachment.async",
            "module.core-service.module.order_service_lambda.aws_iam_role_policy_attachment.dead_letter",
            "module.core-service.module.order_service_lambda.aws_iam_role_policy_attachment.logs",
            "module.core-service.module.order_service_lambda.aws_iam_role_policy_attachment.tracing",
            "module.core-service.module.order_service_lambda.aws_iam_role_policy_attachment.vpc",
            "module.core-service.module.order_service_lambda.aws_lambda_function.this",
            "module.core-service.module.order_service_lambda.aws_s3_object.lambda_package",
            "module.core-service.module.order_service_lambda.data.aws_arn.log_group_arn",
            "module.core-service.module.order_service_lambda.data.aws_cloudwatch_log_group.lambda",
            "module.core-service.module.order_service_lambda.data.aws_iam_policy.tracing",
            "module.core-service.module.order_service_lambda.data.aws_iam_policy.vpc",
            "module.core-service.module.order_service_lambda.data.aws_iam_policy_document.additional_inline",
            "module.core-service.module.order_service_lambda.data.aws_iam_policy_document.assume_role",
            "module.core-service.module.order_service_lambda.data.aws_iam_policy_document.async",
            "module.core-service.module.order_service_lambda.data.aws_iam_policy_document.dead_letter",
            "module.core-service.module.order_service_lambda.data.aws_iam_policy_document.logs",
            "module.core-service.module.order_service_lambda.data.aws_partition.current",
            "module.core-service.module.order_service_lambda.data.external.archive_prepare",
            "module.core-service.module.order_service_lambda.local_file.archive_plan",
            "module.core-service.module.order_service_lambda.null_resource.archive",
            "module.core-service.module.order_service_lambda_alias.aws_lambda_alias.no_refresh",
            "module.core-service.module.order_service_lambda_alias.aws_lambda_alias.with_refresh",
            "module.core-service.module.order_service_lambda_alias.data.aws_lambda_alias.existing",
            "module.core-service.module.vpc.aws_subnet.private",
            "module.core-service.module.vpc.aws_vpc.this",
            "module.core-service.module.vpc.aws_vpc_ipv4_cidr_block_association.this"
          ]
        }
      ]
    },
    {
      "module": "module.core-service.module.order_service_lambda_alias",
      "mode": "managed",
      "type": "aws_lambda_permission",
      "name": "version_triggers",
      "provider": "module.core-service.provider[\"registry.terraform.io/hashicorp/aws\"]",
      "instances": [
        {
          "index_key": "AllowExecutionFromELB",
          "schema_version": 0,
          "attributes": {
            "action": "lambda:InvokeFunction",
            "event_source_token": null,
            "function_name": "order-service-lambda",
            "function_url_auth_type": null,
            "id": "AllowExecutionFromELB",
            "principal": "elasticloadbalancing.amazonaws.com",
            "principal_org_id": null,
            "qualifier": "",
            "source_account": null,
            "source_arn": "arn:aws:elasticloadbalancing:ap-south-1:008744601422:targetgroup/tf-20230426073321229800000003/4348c92c80294e61",
            "statement_id": "AllowExecutionFromELB",
            "statement_id_prefix": ""
          },
          "sensitive_attributes": [],
          "private": "bnVsbA==",
          "dependencies": [
            "module.core-service.aws_security_group.alb_sg",
            "module.core-service.module.alb.aws_lb.this",
            "module.core-service.module.alb.aws_lb_target_group.main",
            "module.core-service.module.order_service_lambda.aws_cloudwatch_log_group.lambda",
            "module.core-service.module.order_service_lambda.aws_iam_policy.additional_inline",
            "module.core-service.module.order_service_lambda.aws_iam_policy.additional_json",
            "module.core-service.module.order_service_lambda.aws_iam_policy.additional_jsons",
            "module.core-service.module.order_service_lambda.aws_iam_policy.async",
            "module.core-service.module.order_service_lambda.aws_iam_policy.dead_letter",
            "module.core-service.module.order_service_lambda.aws_iam_policy.logs",
            "module.core-service.module.order_service_lambda.aws_iam_policy.tracing",
            "module.core-service.module.order_service_lambda.aws_iam_policy.vpc",
            "module.core-service.module.order_service_lambda.aws_iam_role.lambda",
            "module.core-service.module.order_service_lambda.aws_iam_role_policy_attachment.additional_inline",
            "module.core-service.module.order_service_lambda.aws_iam_role_policy_attachment.additional_json",
            "module.core-service.module.order_service_lambda.aws_iam_role_policy_attachment.additional_jsons",
            "module.core-service.module.order_service_lambda.aws_iam_role_policy_attachment.additional_many",
            "module.core-service.module.order_service_lambda.aws_iam_role_policy_attachment.additional_one",
            "module.core-service.module.order_service_lambda.aws_iam_role_policy_attachment.async",
            "module.core-service.module.order_service_lambda.aws_iam_role_policy_attachment.dead_letter",
            "module.core-service.module.order_service_lambda.aws_iam_role_policy_attachment.logs",
            "module.core-service.module.order_service_lambda.aws_iam_role_policy_attachment.tracing",
            "module.core-service.module.order_service_lambda.aws_iam_role_policy_attachment.vpc",
            "module.core-service.module.order_service_lambda.aws_lambda_function.this",
            "module.core-service.module.order_service_lambda.aws_s3_object.lambda_package",
            "module.core-service.module.order_service_lambda.data.aws_arn.log_group_arn",
            "module.core-service.module.order_service_lambda.data.aws_cloudwatch_log_group.lambda",
            "module.core-service.module.order_service_lambda.data.aws_iam_policy.tracing",
            "module.core-service.module.order_service_lambda.data.aws_iam_policy.vpc",
            "module.core-service.module.order_service_lambda.data.aws_iam_policy_document.additional_inline",
            "module.core-service.module.order_service_lambda.data.aws_iam_policy_document.assume_role",
            "module.core-service.module.order_service_lambda.data.aws_iam_policy_document.async",
            "module.core-service.module.order_service_lambda.data.aws_iam_policy_document.dead_letter",
            "module.core-service.module.order_service_lambda.data.aws_iam_policy_document.logs",
            "module.core-service.module.order_service_lambda.data.aws_partition.current",
            "module.core-service.module.order_service_lambda.data.external.archive_prepare",
            "module.core-service.module.order_service_lambda.local_file.archive_plan",
            "module.core-service.module.order_service_lambda.null_resource.archive",
            "module.core-service.module.order_service_lambda_alias.aws_lambda_alias.no_refresh",
            "module.core-service.module.order_service_lambda_alias.aws_lambda_alias.with_refresh",
            "module.core-service.module.order_service_lambda_alias.data.aws_lambda_alias.existing",
            "module.core-service.module.vpc.aws_subnet.private",
            "module.core-service.module.vpc.aws_vpc.this",
            "module.core-service.module.vpc.aws_vpc_ipv4_cidr_block_association.this"
          ]
        }
      ]
    },
    {
      "module": "module.core-service.module.vpc",
      "mode": "managed",
      "type": "aws_internet_gateway",
      "name": "this",
      "provider": "module.core-service.provider[\"registry.terraform.io/hashicorp/aws\"]",
      "instances": [
        {
          "index_key": 0,
          "schema_version": 0,
          "attributes": {
            "arn": "arn:aws:ec2:ap-south-1:008744601422:internet-gateway/igw-06304f6e647e05fa8",
            "id": "igw-06304f6e647e05fa8",
            "owner_id": "008744601422",
            "tags": {
              "Environment": "dev",
              "Name": "core-service-vpc"
            },
            "tags_all": {
              "Environment": "dev",
              "Name": "core-service-vpc"
            },
            "timeouts": null,
            "vpc_id": "vpc-00aec6b78339daab8"
          },
          "sensitive_attributes": [],
          "private": "eyJlMmJmYjczMC1lY2FhLTExZTYtOGY4OC0zNDM2M2JjN2M0YzAiOnsiY3JlYXRlIjoxMjAwMDAwMDAwMDAwLCJkZWxldGUiOjEyMDAwMDAwMDAwMDAsInVwZGF0ZSI6MTIwMDAwMDAwMDAwMH19",
          "dependencies": [
            "module.core-service.module.vpc.aws_vpc.this",
            "module.core-service.module.vpc.aws_vpc_ipv4_cidr_block_association.this"
          ]
        }
      ]
    },
    {
      "module": "module.core-service.module.vpc",
      "mode": "managed",
      "type": "aws_route",
      "name": "public_internet_gateway",
      "provider": "module.core-service.provider[\"registry.terraform.io/hashicorp/aws\"]",
      "instances": [
        {
          "index_key": 0,
          "schema_version": 0,
          "attributes": {
            "carrier_gateway_id": "",
            "core_network_arn": "",
            "destination_cidr_block": "0.0.0.0/0",
            "destination_ipv6_cidr_block": "",
            "destination_prefix_list_id": "",
            "egress_only_gateway_id": "",
            "gateway_id": "igw-06304f6e647e05fa8",
            "id": "r-rtb-0c7767290ef6c07c71080289494",
            "instance_id": "",
            "instance_owner_id": "",
            "local_gateway_id": "",
            "nat_gateway_id": "",
            "network_interface_id": "",
            "origin": "CreateRoute",
            "route_table_id": "rtb-0c7767290ef6c07c7",
            "state": "active",
            "timeouts": {
              "create": "5m",
              "delete": null,
              "update": null
            },
            "transit_gateway_id": "",
            "vpc_endpoint_id": "",
            "vpc_peering_connection_id": ""
          },
          "sensitive_attributes": [],
          "private": "eyJlMmJmYjczMC1lY2FhLTExZTYtOGY4OC0zNDM2M2JjN2M0YzAiOnsiY3JlYXRlIjozMDAwMDAwMDAwMDAsImRlbGV0ZSI6MzAwMDAwMDAwMDAwLCJ1cGRhdGUiOjEyMDAwMDAwMDAwMH19",
          "dependencies": [
            "module.core-service.module.vpc.aws_internet_gateway.this",
            "module.core-service.module.vpc.aws_route_table.public",
            "module.core-service.module.vpc.aws_vpc.this",
            "module.core-service.module.vpc.aws_vpc_ipv4_cidr_block_association.this"
          ]
        }
      ]
    },
    {
      "module": "module.core-service.module.vpc",
      "mode": "managed",
      "type": "aws_route_table",
      "name": "private",
      "provider": "module.core-service.provider[\"registry.terraform.io/hashicorp/aws\"]",
      "instances": [
        {
          "index_key": 0,
          "schema_version": 0,
          "attributes": {
            "arn": "arn:aws:ec2:ap-south-1:008744601422:route-table/rtb-0d57aa69bb5993caa",
            "id": "rtb-0d57aa69bb5993caa",
            "owner_id": "008744601422",
            "propagating_vgws": [],
            "route": [],
            "tags": {
              "Environment": "dev",
              "Name": "core-service-vpc-private-ap-south-1a"
            },
            "tags_all": {
              "Environment": "dev",
              "Name": "core-service-vpc-private-ap-south-1a"
            },
            "timeouts": null,
            "vpc_id": "vpc-00aec6b78339daab8"
          },
          "sensitive_attributes": [],
          "private": "eyJlMmJmYjczMC1lY2FhLTExZTYtOGY4OC0zNDM2M2JjN2M0YzAiOnsiY3JlYXRlIjozMDAwMDAwMDAwMDAsImRlbGV0ZSI6MzAwMDAwMDAwMDAwLCJ1cGRhdGUiOjEyMDAwMDAwMDAwMH19",
          "dependencies": [
            "module.core-service.module.vpc.aws_vpc.this",
            "module.core-service.module.vpc.aws_vpc_ipv4_cidr_block_association.this"
          ]
        },
        {
          "index_key": 1,
          "schema_version": 0,
          "attributes": {
            "arn": "arn:aws:ec2:ap-south-1:008744601422:route-table/rtb-01b998feeeb162713",
            "id": "rtb-01b998feeeb162713",
            "owner_id": "008744601422",
            "propagating_vgws": [],
            "route": [],
            "tags": {
              "Environment": "dev",
              "Name": "core-service-vpc-private-ap-south-1b"
            },
            "tags_all": {
              "Environment": "dev",
              "Name": "core-service-vpc-private-ap-south-1b"
            },
            "timeouts": null,
            "vpc_id": "vpc-00aec6b78339daab8"
          },
          "sensitive_attributes": [],
          "private": "eyJlMmJmYjczMC1lY2FhLTExZTYtOGY4OC0zNDM2M2JjN2M0YzAiOnsiY3JlYXRlIjozMDAwMDAwMDAwMDAsImRlbGV0ZSI6MzAwMDAwMDAwMDAwLCJ1cGRhdGUiOjEyMDAwMDAwMDAwMH19",
          "dependencies": [
            "module.core-service.module.vpc.aws_vpc.this",
            "module.core-service.module.vpc.aws_vpc_ipv4_cidr_block_association.this"
          ]
        }
      ]
    },
    {
      "module": "module.core-service.module.vpc",
      "mode": "managed",
      "type": "aws_route_table",
      "name": "public",
      "provider": "module.core-service.provider[\"registry.terraform.io/hashicorp/aws\"]",
      "instances": [
        {
          "index_key": 0,
          "schema_version": 0,
          "attributes": {
            "arn": "arn:aws:ec2:ap-south-1:008744601422:route-table/rtb-0c7767290ef6c07c7",
            "id": "rtb-0c7767290ef6c07c7",
            "owner_id": "008744601422",
            "propagating_vgws": [],
            "route": [
              {
                "carrier_gateway_id": "",
                "cidr_block": "0.0.0.0/0",
                "core_network_arn": "",
                "destination_prefix_list_id": "",
                "egress_only_gateway_id": "",
                "gateway_id": "igw-06304f6e647e05fa8",
                "instance_id": "",
                "ipv6_cidr_block": "",
                "local_gateway_id": "",
                "nat_gateway_id": "",
                "network_interface_id": "",
                "transit_gateway_id": "",
                "vpc_endpoint_id": "",
                "vpc_peering_connection_id": ""
              }
            ],
            "tags": {
              "Environment": "dev",
              "Name": "core-service-vpc-public"
            },
            "tags_all": {
              "Environment": "dev",
              "Name": "core-service-vpc-public"
            },
            "timeouts": null,
            "vpc_id": "vpc-00aec6b78339daab8"
          },
          "sensitive_attributes": [],
          "private": "eyJlMmJmYjczMC1lY2FhLTExZTYtOGY4OC0zNDM2M2JjN2M0YzAiOnsiY3JlYXRlIjozMDAwMDAwMDAwMDAsImRlbGV0ZSI6MzAwMDAwMDAwMDAwLCJ1cGRhdGUiOjEyMDAwMDAwMDAwMH19",
          "dependencies": [
            "module.core-service.module.vpc.aws_vpc.this",
            "module.core-service.module.vpc.aws_vpc_ipv4_cidr_block_association.this"
          ]
        }
      ]
    },
    {
      "module": "module.core-service.module.vpc",
      "mode": "managed",
      "type": "aws_route_table_association",
      "name": "private",
      "provider": "module.core-service.provider[\"registry.terraform.io/hashicorp/aws\"]",
      "instances": [
        {
          "index_key": 0,
          "schema_version": 0,
          "attributes": {
            "gateway_id": "",
            "id": "rtbassoc-04fdad4b95cd56852",
            "route_table_id": "rtb-0d57aa69bb5993caa",
            "subnet_id": "subnet-09d8a796be5e22779",
            "timeouts": null
          },
          "sensitive_attributes": [],
          "private": "eyJlMmJmYjczMC1lY2FhLTExZTYtOGY4OC0zNDM2M2JjN2M0YzAiOnsiY3JlYXRlIjozMDAwMDAwMDAwMDAsImRlbGV0ZSI6MzAwMDAwMDAwMDAwLCJ1cGRhdGUiOjEyMDAwMDAwMDAwMH19",
          "dependencies": [
            "module.core-service.module.vpc.aws_route_table.private",
            "module.core-service.module.vpc.aws_subnet.private",
            "module.core-service.module.vpc.aws_vpc.this",
            "module.core-service.module.vpc.aws_vpc_ipv4_cidr_block_association.this"
          ]
        },
        {
          "index_key": 1,
          "schema_version": 0,
          "attributes": {
            "gateway_id": "",
            "id": "rtbassoc-06a910c0ea46cf087",
            "route_table_id": "rtb-01b998feeeb162713",
            "subnet_id": "subnet-081e40c267201d6ad",
            "timeouts": null
          },
          "sensitive_attributes": [],
          "private": "eyJlMmJmYjczMC1lY2FhLTExZTYtOGY4OC0zNDM2M2JjN2M0YzAiOnsiY3JlYXRlIjozMDAwMDAwMDAwMDAsImRlbGV0ZSI6MzAwMDAwMDAwMDAwLCJ1cGRhdGUiOjEyMDAwMDAwMDAwMH19",
          "dependencies": [
            "module.core-service.module.vpc.aws_route_table.private",
            "module.core-service.module.vpc.aws_subnet.private",
            "module.core-service.module.vpc.aws_vpc.this",
            "module.core-service.module.vpc.aws_vpc_ipv4_cidr_block_association.this"
          ]
        }
      ]
    },
    {
      "module": "module.core-service.module.vpc",
      "mode": "managed",
      "type": "aws_route_table_association",
      "name": "public",
      "provider": "module.core-service.provider[\"registry.terraform.io/hashicorp/aws\"]",
      "instances": [
        {
          "index_key": 0,
          "schema_version": 0,
          "attributes": {
            "gateway_id": "",
            "id": "rtbassoc-06152ae5fcb8c4d0e",
            "route_table_id": "rtb-0c7767290ef6c07c7",
            "subnet_id": "subnet-0f71949b8671d81be",
            "timeouts": null
          },
          "sensitive_attributes": [],
          "private": "eyJlMmJmYjczMC1lY2FhLTExZTYtOGY4OC0zNDM2M2JjN2M0YzAiOnsiY3JlYXRlIjozMDAwMDAwMDAwMDAsImRlbGV0ZSI6MzAwMDAwMDAwMDAwLCJ1cGRhdGUiOjEyMDAwMDAwMDAwMH19",
          "dependencies": [
            "module.core-service.module.vpc.aws_route_table.public",
            "module.core-service.module.vpc.aws_subnet.public",
            "module.core-service.module.vpc.aws_vpc.this",
            "module.core-service.module.vpc.aws_vpc_ipv4_cidr_block_association.this"
          ]
        },
        {
          "index_key": 1,
          "schema_version": 0,
          "attributes": {
            "gateway_id": "",
            "id": "rtbassoc-095e63d7eadc945b8",
            "route_table_id": "rtb-0c7767290ef6c07c7",
            "subnet_id": "subnet-0423011d3e6233d14",
            "timeouts": null
          },
          "sensitive_attributes": [],
          "private": "eyJlMmJmYjczMC1lY2FhLTExZTYtOGY4OC0zNDM2M2JjN2M0YzAiOnsiY3JlYXRlIjozMDAwMDAwMDAwMDAsImRlbGV0ZSI6MzAwMDAwMDAwMDAwLCJ1cGRhdGUiOjEyMDAwMDAwMDAwMH19",
          "dependencies": [
            "module.core-service.module.vpc.aws_route_table.public",
            "module.core-service.module.vpc.aws_subnet.public",
            "module.core-service.module.vpc.aws_vpc.this",
            "module.core-service.module.vpc.aws_vpc_ipv4_cidr_block_association.this"
          ]
        }
      ]
    },
    {
      "module": "module.core-service.module.vpc",
      "mode": "managed",
      "type": "aws_subnet",
      "name": "private",
      "provider": "module.core-service.provider[\"registry.terraform.io/hashicorp/aws\"]",
      "instances": [
        {
          "index_key": 0,
          "schema_version": 1,
          "attributes": {
            "arn": "arn:aws:ec2:ap-south-1:008744601422:subnet/subnet-09d8a796be5e22779",
            "assign_ipv6_address_on_creation": false,
            "availability_zone": "ap-south-1a",
            "availability_zone_id": "aps1-az1",
            "cidr_block": "10.0.1.0/24",
            "customer_owned_ipv4_pool": "",
            "enable_dns64": false,
            "enable_lni_at_device_index": 0,
            "enable_resource_name_dns_a_record_on_launch": false,
            "enable_resource_name_dns_aaaa_record_on_launch": false,
            "id": "subnet-09d8a796be5e22779",
            "ipv6_cidr_block": "",
            "ipv6_cidr_block_association_id": "",
            "ipv6_native": false,
            "map_customer_owned_ip_on_launch": false,
            "map_public_ip_on_launch": false,
            "outpost_arn": "",
            "owner_id": "008744601422",
            "private_dns_hostname_type_on_launch": "ip-name",
            "tags": {
              "Environment": "dev",
              "Name": "core-service-vpc-private-ap-south-1a"
            },
            "tags_all": {
              "Environment": "dev",
              "Name": "core-service-vpc-private-ap-south-1a"
            },
            "timeouts": null,
            "vpc_id": "vpc-00aec6b78339daab8"
          },
          "sensitive_attributes": [],
          "private": "eyJlMmJmYjczMC1lY2FhLTExZTYtOGY4OC0zNDM2M2JjN2M0YzAiOnsiY3JlYXRlIjo2MDAwMDAwMDAwMDAsImRlbGV0ZSI6MTIwMDAwMDAwMDAwMH0sInNjaGVtYV92ZXJzaW9uIjoiMSJ9",
          "dependencies": [
            "module.core-service.module.vpc.aws_vpc.this",
            "module.core-service.module.vpc.aws_vpc_ipv4_cidr_block_association.this"
          ],
          "create_before_destroy": true
        },
        {
          "index_key": 1,
          "schema_version": 1,
          "attributes": {
            "arn": "arn:aws:ec2:ap-south-1:008744601422:subnet/subnet-081e40c267201d6ad",
            "assign_ipv6_address_on_creation": false,
            "availability_zone": "ap-south-1b",
            "availability_zone_id": "aps1-az3",
            "cidr_block": "10.0.2.0/24",
            "customer_owned_ipv4_pool": "",
            "enable_dns64": false,
            "enable_lni_at_device_index": 0,
            "enable_resource_name_dns_a_record_on_launch": false,
            "enable_resource_name_dns_aaaa_record_on_launch": false,
            "id": "subnet-081e40c267201d6ad",
            "ipv6_cidr_block": "",
            "ipv6_cidr_block_association_id": "",
            "ipv6_native": false,
            "map_customer_owned_ip_on_launch": false,
            "map_public_ip_on_launch": false,
            "outpost_arn": "",
            "owner_id": "008744601422",
            "private_dns_hostname_type_on_launch": "ip-name",
            "tags": {
              "Environment": "dev",
              "Name": "core-service-vpc-private-ap-south-1b"
            },
            "tags_all": {
              "Environment": "dev",
              "Name": "core-service-vpc-private-ap-south-1b"
            },
            "timeouts": null,
            "vpc_id": "vpc-00aec6b78339daab8"
          },
          "sensitive_attributes": [],
          "private": "eyJlMmJmYjczMC1lY2FhLTExZTYtOGY4OC0zNDM2M2JjN2M0YzAiOnsiY3JlYXRlIjo2MDAwMDAwMDAwMDAsImRlbGV0ZSI6MTIwMDAwMDAwMDAwMH0sInNjaGVtYV92ZXJzaW9uIjoiMSJ9",
          "dependencies": [
            "module.core-service.module.vpc.aws_vpc.this",
            "module.core-service.module.vpc.aws_vpc_ipv4_cidr_block_association.this"
          ],
          "create_before_destroy": true
        }
      ]
    },
    {
      "module": "module.core-service.module.vpc",
      "mode": "managed",
      "type": "aws_subnet",
      "name": "public",
      "provider": "module.core-service.provider[\"registry.terraform.io/hashicorp/aws\"]",
      "instances": [
        {
          "index_key": 0,
          "schema_version": 1,
          "attributes": {
            "arn": "arn:aws:ec2:ap-south-1:008744601422:subnet/subnet-0f71949b8671d81be",
            "assign_ipv6_address_on_creation": false,
            "availability_zone": "ap-south-1a",
            "availability_zone_id": "aps1-az1",
            "cidr_block": "10.0.101.0/24",
            "customer_owned_ipv4_pool": "",
            "enable_dns64": false,
            "enable_lni_at_device_index": 0,
            "enable_resource_name_dns_a_record_on_launch": false,
            "enable_resource_name_dns_aaaa_record_on_launch": false,
            "id": "subnet-0f71949b8671d81be",
            "ipv6_cidr_block": "",
            "ipv6_cidr_block_association_id": "",
            "ipv6_native": false,
            "map_customer_owned_ip_on_launch": false,
            "map_public_ip_on_launch": true,
            "outpost_arn": "",
            "owner_id": "008744601422",
            "private_dns_hostname_type_on_launch": "ip-name",
            "tags": {
              "Environment": "dev",
              "Name": "core-service-vpc-public-ap-south-1a"
            },
            "tags_all": {
              "Environment": "dev",
              "Name": "core-service-vpc-public-ap-south-1a"
            },
            "timeouts": null,
            "vpc_id": "vpc-00aec6b78339daab8"
          },
          "sensitive_attributes": [],
          "private": "eyJlMmJmYjczMC1lY2FhLTExZTYtOGY4OC0zNDM2M2JjN2M0YzAiOnsiY3JlYXRlIjo2MDAwMDAwMDAwMDAsImRlbGV0ZSI6MTIwMDAwMDAwMDAwMH0sInNjaGVtYV92ZXJzaW9uIjoiMSJ9",
          "dependencies": [
            "module.core-service.module.vpc.aws_vpc.this",
            "module.core-service.module.vpc.aws_vpc_ipv4_cidr_block_association.this"
          ]
        },
        {
          "index_key": 1,
          "schema_version": 1,
          "attributes": {
            "arn": "arn:aws:ec2:ap-south-1:008744601422:subnet/subnet-0423011d3e6233d14",
            "assign_ipv6_address_on_creation": false,
            "availability_zone": "ap-south-1b",
            "availability_zone_id": "aps1-az3",
            "cidr_block": "10.0.102.0/24",
            "customer_owned_ipv4_pool": "",
            "enable_dns64": false,
            "enable_lni_at_device_index": 0,
            "enable_resource_name_dns_a_record_on_launch": false,
            "enable_resource_name_dns_aaaa_record_on_launch": false,
            "id": "subnet-0423011d3e6233d14",
            "ipv6_cidr_block": "",
            "ipv6_cidr_block_association_id": "",
            "ipv6_native": false,
            "map_customer_owned_ip_on_launch": false,
            "map_public_ip_on_launch": true,
            "outpost_arn": "",
            "owner_id": "008744601422",
            "private_dns_hostname_type_on_launch": "ip-name",
            "tags": {
              "Environment": "dev",
              "Name": "core-service-vpc-public-ap-south-1b"
            },
            "tags_all": {
              "Environment": "dev",
              "Name": "core-service-vpc-public-ap-south-1b"
            },
            "timeouts": null,
            "vpc_id": "vpc-00aec6b78339daab8"
          },
          "sensitive_attributes": [],
          "private": "eyJlMmJmYjczMC1lY2FhLTExZTYtOGY4OC0zNDM2M2JjN2M0YzAiOnsiY3JlYXRlIjo2MDAwMDAwMDAwMDAsImRlbGV0ZSI6MTIwMDAwMDAwMDAwMH0sInNjaGVtYV92ZXJzaW9uIjoiMSJ9",
          "dependencies": [
            "module.core-service.module.vpc.aws_vpc.this",
            "module.core-service.module.vpc.aws_vpc_ipv4_cidr_block_association.this"
          ]
        }
      ]
    },
    {
      "module": "module.core-service.module.vpc",
      "mode": "managed",
      "type": "aws_vpc",
      "name": "this",
      "provider": "module.core-service.provider[\"registry.terraform.io/hashicorp/aws\"]",
      "instances": [
        {
          "index_key": 0,
          "schema_version": 1,
          "attributes": {
            "arn": "arn:aws:ec2:ap-south-1:008744601422:vpc/vpc-00aec6b78339daab8",
            "assign_generated_ipv6_cidr_block": false,
            "cidr_block": "10.0.0.0/16",
            "default_network_acl_id": "acl-0bfa7fda781a6fde7",
            "default_route_table_id": "rtb-0517ab1410ece36d7",
            "default_security_group_id": "sg-0e7d5b8236a6e7ef3",
            "dhcp_options_id": "dopt-0c551128ae4f108dd",
            "enable_classiclink": false,
            "enable_classiclink_dns_support": false,
            "enable_dns_hostnames": true,
            "enable_dns_support": true,
            "enable_network_address_usage_metrics": false,
            "id": "vpc-00aec6b78339daab8",
            "instance_tenancy": "default",
            "ipv4_ipam_pool_id": null,
            "ipv4_netmask_length": null,
            "ipv6_association_id": "",
            "ipv6_cidr_block": "",
            "ipv6_cidr_block_network_border_group": "",
            "ipv6_ipam_pool_id": "",
            "ipv6_netmask_length": 0,
            "main_route_table_id": "rtb-0517ab1410ece36d7",
            "owner_id": "008744601422",
            "tags": {
              "Environment": "dev",
              "Name": "core-service-vpc"
            },
            "tags_all": {
              "Environment": "dev",
              "Name": "core-service-vpc"
            }
          },
          "sensitive_attributes": [],
          "private": "eyJzY2hlbWFfdmVyc2lvbiI6IjEifQ==",
          "create_before_destroy": true
        }
      ]
    }
  ],
  "check_results": null
}
